
Microsoft Visual Studio Solution File, Format Version 12.00
# Visual Studio 15
VisualStudioVersion = 15.0.27130.2003
MinimumVisualStudioVersion = 10.0.40219.1
Project("{2150E333-8FDC-42A3-9474-1A3956D46DE8}") = "!Solution Items", "!Solution Items", "{CD685E50-2396-43CA-AE14-6F4A5019EFDA}"
	ProjectSection(SolutionItems) = preProject
		.editorconfig = .editorconfig
		.gitignore = .gitignore
		README.md = README.md
	EndProjectSection
EndProject
Project("{2150E333-8FDC-42A3-9474-1A3956D46DE8}") = "!Nuspec", "!Nuspec", "{4AEE0797-5D79-4C6B-86FB-85778D650F22}"
	ProjectSection(SolutionItems) = preProject
		nuspecs\MvxScaffolding.Templates.nuspec = nuspecs\MvxScaffolding.Templates.nuspec
	EndProjectSection
EndProject
Project("{FAE04EC0-301F-11D3-BF4B-00C04F79EFBC}") = "MvxScaffolding.Vsix", "src\MvxScaffolding.Vsix\MvxScaffolding.Vsix.csproj", "{5F73E421-52CF-464D-A53D-F9B76A87B31D}"
EndProject
Project("{FAE04EC0-301F-11D3-BF4B-00C04F79EFBC}") = "MvxScaffolding.UI", "src\MvxScaffolding.UI\MvxScaffolding.UI.csproj", "{C727CC5B-1154-4DE7-8654-5038BDE92EBD}"
EndProject
Project("{2150E333-8FDC-42A3-9474-1A3956D46DE8}") = "Project Templates", "Project Templates", "{D7352774-663C-445E-8C46-BAEAE4532A76}"
EndProject
Project("{2150E333-8FDC-42A3-9474-1A3956D46DE8}") = "Item Templates", "Item Templates", "{55BC22BB-C3FE-416A-973C-937E9A2BBBF2}"
EndProject
Project("{2150E333-8FDC-42A3-9474-1A3956D46DE8}") = "Native", "Native", "{A4C3B6E2-92D5-478B-99DC-1CF0F489284E}"
	ProjectSection(SolutionItems) = preProject
		src\Templates\MvxNative\editor.config = src\Templates\MvxNative\editor.config
		src\Templates\MvxNative\MvxNative.sln = src\Templates\MvxNative\MvxNative.sln
	EndProjectSection
EndProject
Project("{2150E333-8FDC-42A3-9474-1A3956D46DE8}") = "Config", "Config", "{414ED55C-0665-4CCF-BD0D-26E34C2B7B16}"
	ProjectSection(SolutionItems) = preProject
		src\Templates\MvxNative\.template.config\dotnetcli.host.json = src\Templates\MvxNative\.template.config\dotnetcli.host.json
		src\Templates\MvxNative\.template.config\template.json = src\Templates\MvxNative\.template.config\template.json
		src\Templates\MvxNative\.template.config\template.vstemplate = src\Templates\MvxNative\.template.config\template.vstemplate
	EndProjectSection
EndProject
Project("{9A19103F-16F7-4668-BE54-9A1E7A4F7556}") = "MvxNative.Core", "src\Templates\MvxNative\src\MvxNative.Core\MvxNative.Core.csproj", "{3B98C6A5-7159-48D1-84C4-4DACDFE12818}"
EndProject
Project("{FAE04EC0-301F-11D3-BF4B-00C04F79EFBC}") = "MvxNative.Droid", "src\Templates\MvxNative\src\MvxNative.Droid\MvxNative.Droid.csproj", "{F4F67AC0-86F3-4024-A943-0CF49B8E93BA}"
EndProject
Project("{FAE04EC0-301F-11D3-BF4B-00C04F79EFBC}") = "MvxNative.iOS", "src\Templates\MvxNative\src\MvxNative.iOS\MvxNative.iOS.csproj", "{4E00CCF2-5D4E-415F-AE06-291965E1822E}"
EndProject
Project("{FAE04EC0-301F-11D3-BF4B-00C04F79EFBC}") = "MvxNative.UWP", "src\Templates\MvxNative\src\MvxNative.UWP\MvxNative.UWP.csproj", "{4EDF7269-9680-47BB-A278-FB446F65E3C9}"
EndProject
Project("{2150E333-8FDC-42A3-9474-1A3956D46DE8}") = "Forms", "Forms", "{370BC50F-6FE9-4180-A1EA-90491D79B026}"
	ProjectSection(SolutionItems) = preProject
		src\Templates\MvxForms\editor.config = src\Templates\MvxForms\editor.config
		src\Templates\MvxForms\MvxForms.sln = src\Templates\MvxForms\MvxForms.sln
	EndProjectSection
EndProject
Project("{2150E333-8FDC-42A3-9474-1A3956D46DE8}") = "Config", "Config", "{4FD14B44-7E1C-4B04-ABB1-3CB9F9584DA7}"
	ProjectSection(SolutionItems) = preProject
		src\Templates\MvxForms\.template.config\dotnetcli.host.json = src\Templates\MvxForms\.template.config\dotnetcli.host.json
		src\Templates\MvxForms\.template.config\mvxscaffolding_forms_logo.png = src\Templates\MvxForms\.template.config\mvxscaffolding_forms_logo.png
		src\Templates\MvxForms\.template.config\template.json = src\Templates\MvxForms\.template.config\template.json
		src\Templates\MvxForms\.template.config\template.vstemplate = src\Templates\MvxForms\.template.config\template.vstemplate
	EndProjectSection
EndProject
Project("{9A19103F-16F7-4668-BE54-9A1E7A4F7556}") = "MvxForms.Core", "src\Templates\MvxForms\src\MvxForms.Core\MvxForms.Core.csproj", "{11142155-CDB9-4241-9FAA-DC848F72C6EB}"
EndProject
Project("{FAE04EC0-301F-11D3-BF4B-00C04F79EFBC}") = "MvxForms.Droid", "src\Templates\MvxForms\src\MvxForms.Droid\MvxForms.Droid.csproj", "{B816CFD1-B3F7-4188-986F-402CC93A09EC}"
EndProject
Project("{FAE04EC0-301F-11D3-BF4B-00C04F79EFBC}") = "MvxForms.UWP", "src\Templates\MvxForms\src\MvxForms.UWP\MvxForms.UWP.csproj", "{C387803D-EAD4-417E-A1FE-A8F81A79ADEA}"
EndProject
Project("{FAE04EC0-301F-11D3-BF4B-00C04F79EFBC}") = "MvxForms.iOS", "src\Templates\MvxForms\src\MvxForms.iOS\MvxForms.iOS.csproj", "{3444E7FD-035D-4DEF-AD46-5E679938589F}"
EndProject
Global
	GlobalSection(SolutionConfigurationPlatforms) = preSolution
		Ad-Hoc|Any CPU = Ad-Hoc|Any CPU
		Ad-Hoc|ARM = Ad-Hoc|ARM
		Ad-Hoc|iPhone = Ad-Hoc|iPhone
		Ad-Hoc|iPhoneSimulator = Ad-Hoc|iPhoneSimulator
		Ad-Hoc|x64 = Ad-Hoc|x64
		Ad-Hoc|x86 = Ad-Hoc|x86
		AppStore|Any CPU = AppStore|Any CPU
		AppStore|ARM = AppStore|ARM
		AppStore|iPhone = AppStore|iPhone
		AppStore|iPhoneSimulator = AppStore|iPhoneSimulator
		AppStore|x64 = AppStore|x64
		AppStore|x86 = AppStore|x86
		Debug|Any CPU = Debug|Any CPU
		Debug|ARM = Debug|ARM
		Debug|iPhone = Debug|iPhone
		Debug|iPhoneSimulator = Debug|iPhoneSimulator
		Debug|x64 = Debug|x64
		Debug|x86 = Debug|x86
		Release|Any CPU = Release|Any CPU
		Release|ARM = Release|ARM
		Release|iPhone = Release|iPhone
		Release|iPhoneSimulator = Release|iPhoneSimulator
		Release|x64 = Release|x64
		Release|x86 = Release|x86
	EndGlobalSection
	GlobalSection(ProjectConfigurationPlatforms) = postSolution
		{5F73E421-52CF-464D-A53D-F9B76A87B31D}.Ad-Hoc|Any CPU.ActiveCfg = Release|Any CPU
		{5F73E421-52CF-464D-A53D-F9B76A87B31D}.Ad-Hoc|Any CPU.Build.0 = Release|Any CPU
		{5F73E421-52CF-464D-A53D-F9B76A87B31D}.Ad-Hoc|ARM.ActiveCfg = Debug|Any CPU
		{5F73E421-52CF-464D-A53D-F9B76A87B31D}.Ad-Hoc|ARM.Build.0 = Debug|Any CPU
		{5F73E421-52CF-464D-A53D-F9B76A87B31D}.Ad-Hoc|iPhone.ActiveCfg = Release|Any CPU
		{5F73E421-52CF-464D-A53D-F9B76A87B31D}.Ad-Hoc|iPhone.Build.0 = Release|Any CPU
		{5F73E421-52CF-464D-A53D-F9B76A87B31D}.Ad-Hoc|iPhoneSimulator.ActiveCfg = Release|Any CPU
		{5F73E421-52CF-464D-A53D-F9B76A87B31D}.Ad-Hoc|iPhoneSimulator.Build.0 = Release|Any CPU
		{5F73E421-52CF-464D-A53D-F9B76A87B31D}.Ad-Hoc|x64.ActiveCfg = Debug|Any CPU
		{5F73E421-52CF-464D-A53D-F9B76A87B31D}.Ad-Hoc|x64.Build.0 = Debug|Any CPU
		{5F73E421-52CF-464D-A53D-F9B76A87B31D}.Ad-Hoc|x86.ActiveCfg = Debug|Any CPU
		{5F73E421-52CF-464D-A53D-F9B76A87B31D}.Ad-Hoc|x86.Build.0 = Debug|Any CPU
		{5F73E421-52CF-464D-A53D-F9B76A87B31D}.AppStore|Any CPU.ActiveCfg = Release|Any CPU
		{5F73E421-52CF-464D-A53D-F9B76A87B31D}.AppStore|Any CPU.Build.0 = Release|Any CPU
		{5F73E421-52CF-464D-A53D-F9B76A87B31D}.AppStore|ARM.ActiveCfg = Debug|Any CPU
		{5F73E421-52CF-464D-A53D-F9B76A87B31D}.AppStore|ARM.Build.0 = Debug|Any CPU
		{5F73E421-52CF-464D-A53D-F9B76A87B31D}.AppStore|iPhone.ActiveCfg = Release|Any CPU
		{5F73E421-52CF-464D-A53D-F9B76A87B31D}.AppStore|iPhone.Build.0 = Release|Any CPU
		{5F73E421-52CF-464D-A53D-F9B76A87B31D}.AppStore|iPhoneSimulator.ActiveCfg = Release|Any CPU
		{5F73E421-52CF-464D-A53D-F9B76A87B31D}.AppStore|iPhoneSimulator.Build.0 = Release|Any CPU
		{5F73E421-52CF-464D-A53D-F9B76A87B31D}.AppStore|x64.ActiveCfg = Debug|Any CPU
		{5F73E421-52CF-464D-A53D-F9B76A87B31D}.AppStore|x64.Build.0 = Debug|Any CPU
		{5F73E421-52CF-464D-A53D-F9B76A87B31D}.AppStore|x86.ActiveCfg = Debug|Any CPU
		{5F73E421-52CF-464D-A53D-F9B76A87B31D}.AppStore|x86.Build.0 = Debug|Any CPU
		{5F73E421-52CF-464D-A53D-F9B76A87B31D}.Debug|Any CPU.ActiveCfg = Debug|Any CPU
		{5F73E421-52CF-464D-A53D-F9B76A87B31D}.Debug|Any CPU.Build.0 = Debug|Any CPU
		{5F73E421-52CF-464D-A53D-F9B76A87B31D}.Debug|ARM.ActiveCfg = Debug|Any CPU
		{5F73E421-52CF-464D-A53D-F9B76A87B31D}.Debug|ARM.Build.0 = Debug|Any CPU
		{5F73E421-52CF-464D-A53D-F9B76A87B31D}.Debug|iPhone.ActiveCfg = Debug|Any CPU
		{5F73E421-52CF-464D-A53D-F9B76A87B31D}.Debug|iPhone.Build.0 = Debug|Any CPU
		{5F73E421-52CF-464D-A53D-F9B76A87B31D}.Debug|iPhoneSimulator.ActiveCfg = Debug|Any CPU
		{5F73E421-52CF-464D-A53D-F9B76A87B31D}.Debug|iPhoneSimulator.Build.0 = Debug|Any CPU
		{5F73E421-52CF-464D-A53D-F9B76A87B31D}.Debug|x64.ActiveCfg = Debug|Any CPU
		{5F73E421-52CF-464D-A53D-F9B76A87B31D}.Debug|x64.Build.0 = Debug|Any CPU
		{5F73E421-52CF-464D-A53D-F9B76A87B31D}.Debug|x86.ActiveCfg = Debug|Any CPU
		{5F73E421-52CF-464D-A53D-F9B76A87B31D}.Debug|x86.Build.0 = Debug|Any CPU
		{5F73E421-52CF-464D-A53D-F9B76A87B31D}.Release|Any CPU.ActiveCfg = Release|Any CPU
		{5F73E421-52CF-464D-A53D-F9B76A87B31D}.Release|Any CPU.Build.0 = Release|Any CPU
		{5F73E421-52CF-464D-A53D-F9B76A87B31D}.Release|ARM.ActiveCfg = Release|Any CPU
		{5F73E421-52CF-464D-A53D-F9B76A87B31D}.Release|ARM.Build.0 = Release|Any CPU
		{5F73E421-52CF-464D-A53D-F9B76A87B31D}.Release|iPhone.ActiveCfg = Release|Any CPU
		{5F73E421-52CF-464D-A53D-F9B76A87B31D}.Release|iPhone.Build.0 = Release|Any CPU
		{5F73E421-52CF-464D-A53D-F9B76A87B31D}.Release|iPhoneSimulator.ActiveCfg = Release|Any CPU
		{5F73E421-52CF-464D-A53D-F9B76A87B31D}.Release|iPhoneSimulator.Build.0 = Release|Any CPU
		{5F73E421-52CF-464D-A53D-F9B76A87B31D}.Release|x64.ActiveCfg = Release|Any CPU
		{5F73E421-52CF-464D-A53D-F9B76A87B31D}.Release|x64.Build.0 = Release|Any CPU
		{5F73E421-52CF-464D-A53D-F9B76A87B31D}.Release|x86.ActiveCfg = Release|Any CPU
		{5F73E421-52CF-464D-A53D-F9B76A87B31D}.Release|x86.Build.0 = Release|Any CPU
		{C727CC5B-1154-4DE7-8654-5038BDE92EBD}.Ad-Hoc|Any CPU.ActiveCfg = Release|Any CPU
		{C727CC5B-1154-4DE7-8654-5038BDE92EBD}.Ad-Hoc|Any CPU.Build.0 = Release|Any CPU
		{C727CC5B-1154-4DE7-8654-5038BDE92EBD}.Ad-Hoc|ARM.ActiveCfg = Debug|Any CPU
		{C727CC5B-1154-4DE7-8654-5038BDE92EBD}.Ad-Hoc|ARM.Build.0 = Debug|Any CPU
		{C727CC5B-1154-4DE7-8654-5038BDE92EBD}.Ad-Hoc|iPhone.ActiveCfg = Release|Any CPU
		{C727CC5B-1154-4DE7-8654-5038BDE92EBD}.Ad-Hoc|iPhone.Build.0 = Release|Any CPU
		{C727CC5B-1154-4DE7-8654-5038BDE92EBD}.Ad-Hoc|iPhoneSimulator.ActiveCfg = Release|Any CPU
		{C727CC5B-1154-4DE7-8654-5038BDE92EBD}.Ad-Hoc|iPhoneSimulator.Build.0 = Release|Any CPU
		{C727CC5B-1154-4DE7-8654-5038BDE92EBD}.Ad-Hoc|x64.ActiveCfg = Debug|Any CPU
		{C727CC5B-1154-4DE7-8654-5038BDE92EBD}.Ad-Hoc|x64.Build.0 = Debug|Any CPU
		{C727CC5B-1154-4DE7-8654-5038BDE92EBD}.Ad-Hoc|x86.ActiveCfg = Debug|Any CPU
		{C727CC5B-1154-4DE7-8654-5038BDE92EBD}.Ad-Hoc|x86.Build.0 = Debug|Any CPU
		{C727CC5B-1154-4DE7-8654-5038BDE92EBD}.AppStore|Any CPU.ActiveCfg = Release|Any CPU
		{C727CC5B-1154-4DE7-8654-5038BDE92EBD}.AppStore|Any CPU.Build.0 = Release|Any CPU
		{C727CC5B-1154-4DE7-8654-5038BDE92EBD}.AppStore|ARM.ActiveCfg = Debug|Any CPU
		{C727CC5B-1154-4DE7-8654-5038BDE92EBD}.AppStore|ARM.Build.0 = Debug|Any CPU
		{C727CC5B-1154-4DE7-8654-5038BDE92EBD}.AppStore|iPhone.ActiveCfg = Release|Any CPU
		{C727CC5B-1154-4DE7-8654-5038BDE92EBD}.AppStore|iPhone.Build.0 = Release|Any CPU
		{C727CC5B-1154-4DE7-8654-5038BDE92EBD}.AppStore|iPhoneSimulator.ActiveCfg = Release|Any CPU
		{C727CC5B-1154-4DE7-8654-5038BDE92EBD}.AppStore|iPhoneSimulator.Build.0 = Release|Any CPU
		{C727CC5B-1154-4DE7-8654-5038BDE92EBD}.AppStore|x64.ActiveCfg = Debug|Any CPU
		{C727CC5B-1154-4DE7-8654-5038BDE92EBD}.AppStore|x64.Build.0 = Debug|Any CPU
		{C727CC5B-1154-4DE7-8654-5038BDE92EBD}.AppStore|x86.ActiveCfg = Debug|Any CPU
		{C727CC5B-1154-4DE7-8654-5038BDE92EBD}.AppStore|x86.Build.0 = Debug|Any CPU
		{C727CC5B-1154-4DE7-8654-5038BDE92EBD}.Debug|Any CPU.ActiveCfg = Debug|Any CPU
		{C727CC5B-1154-4DE7-8654-5038BDE92EBD}.Debug|Any CPU.Build.0 = Debug|Any CPU
		{C727CC5B-1154-4DE7-8654-5038BDE92EBD}.Debug|ARM.ActiveCfg = Debug|Any CPU
		{C727CC5B-1154-4DE7-8654-5038BDE92EBD}.Debug|ARM.Build.0 = Debug|Any CPU
		{C727CC5B-1154-4DE7-8654-5038BDE92EBD}.Debug|iPhone.ActiveCfg = Debug|Any CPU
		{C727CC5B-1154-4DE7-8654-5038BDE92EBD}.Debug|iPhone.Build.0 = Debug|Any CPU
		{C727CC5B-1154-4DE7-8654-5038BDE92EBD}.Debug|iPhoneSimulator.ActiveCfg = Debug|Any CPU
		{C727CC5B-1154-4DE7-8654-5038BDE92EBD}.Debug|iPhoneSimulator.Build.0 = Debug|Any CPU
		{C727CC5B-1154-4DE7-8654-5038BDE92EBD}.Debug|x64.ActiveCfg = Debug|Any CPU
		{C727CC5B-1154-4DE7-8654-5038BDE92EBD}.Debug|x64.Build.0 = Debug|Any CPU
		{C727CC5B-1154-4DE7-8654-5038BDE92EBD}.Debug|x86.ActiveCfg = Debug|Any CPU
		{C727CC5B-1154-4DE7-8654-5038BDE92EBD}.Debug|x86.Build.0 = Debug|Any CPU
		{C727CC5B-1154-4DE7-8654-5038BDE92EBD}.Release|Any CPU.ActiveCfg = Release|Any CPU
		{C727CC5B-1154-4DE7-8654-5038BDE92EBD}.Release|Any CPU.Build.0 = Release|Any CPU
		{C727CC5B-1154-4DE7-8654-5038BDE92EBD}.Release|ARM.ActiveCfg = Release|Any CPU
		{C727CC5B-1154-4DE7-8654-5038BDE92EBD}.Release|ARM.Build.0 = Release|Any CPU
		{C727CC5B-1154-4DE7-8654-5038BDE92EBD}.Release|iPhone.ActiveCfg = Release|Any CPU
		{C727CC5B-1154-4DE7-8654-5038BDE92EBD}.Release|iPhone.Build.0 = Release|Any CPU
		{C727CC5B-1154-4DE7-8654-5038BDE92EBD}.Release|iPhoneSimulator.ActiveCfg = Release|Any CPU
		{C727CC5B-1154-4DE7-8654-5038BDE92EBD}.Release|iPhoneSimulator.Build.0 = Release|Any CPU
		{C727CC5B-1154-4DE7-8654-5038BDE92EBD}.Release|x64.ActiveCfg = Release|Any CPU
		{C727CC5B-1154-4DE7-8654-5038BDE92EBD}.Release|x64.Build.0 = Release|Any CPU
		{C727CC5B-1154-4DE7-8654-5038BDE92EBD}.Release|x86.ActiveCfg = Release|Any CPU
		{C727CC5B-1154-4DE7-8654-5038BDE92EBD}.Release|x86.Build.0 = Release|Any CPU
		{3B98C6A5-7159-48D1-84C4-4DACDFE12818}.Ad-Hoc|Any CPU.ActiveCfg = Debug|Any CPU
		{3B98C6A5-7159-48D1-84C4-4DACDFE12818}.Ad-Hoc|Any CPU.Build.0 = Debug|Any CPU
		{3B98C6A5-7159-48D1-84C4-4DACDFE12818}.Ad-Hoc|ARM.ActiveCfg = Release|Any CPU
		{3B98C6A5-7159-48D1-84C4-4DACDFE12818}.Ad-Hoc|ARM.Build.0 = Release|Any CPU
		{3B98C6A5-7159-48D1-84C4-4DACDFE12818}.Ad-Hoc|iPhone.ActiveCfg = Debug|Any CPU
		{3B98C6A5-7159-48D1-84C4-4DACDFE12818}.Ad-Hoc|iPhone.Build.0 = Debug|Any CPU
		{3B98C6A5-7159-48D1-84C4-4DACDFE12818}.Ad-Hoc|iPhoneSimulator.ActiveCfg = Debug|Any CPU
		{3B98C6A5-7159-48D1-84C4-4DACDFE12818}.Ad-Hoc|iPhoneSimulator.Build.0 = Debug|Any CPU
		{3B98C6A5-7159-48D1-84C4-4DACDFE12818}.Ad-Hoc|x64.ActiveCfg = Release|Any CPU
		{3B98C6A5-7159-48D1-84C4-4DACDFE12818}.Ad-Hoc|x64.Build.0 = Release|Any CPU
		{3B98C6A5-7159-48D1-84C4-4DACDFE12818}.Ad-Hoc|x86.ActiveCfg = Release|Any CPU
		{3B98C6A5-7159-48D1-84C4-4DACDFE12818}.Ad-Hoc|x86.Build.0 = Release|Any CPU
		{3B98C6A5-7159-48D1-84C4-4DACDFE12818}.AppStore|Any CPU.ActiveCfg = Debug|Any CPU
		{3B98C6A5-7159-48D1-84C4-4DACDFE12818}.AppStore|Any CPU.Build.0 = Debug|Any CPU
		{3B98C6A5-7159-48D1-84C4-4DACDFE12818}.AppStore|ARM.ActiveCfg = Release|Any CPU
		{3B98C6A5-7159-48D1-84C4-4DACDFE12818}.AppStore|ARM.Build.0 = Release|Any CPU
		{3B98C6A5-7159-48D1-84C4-4DACDFE12818}.AppStore|iPhone.ActiveCfg = Debug|Any CPU
		{3B98C6A5-7159-48D1-84C4-4DACDFE12818}.AppStore|iPhone.Build.0 = Debug|Any CPU
		{3B98C6A5-7159-48D1-84C4-4DACDFE12818}.AppStore|iPhoneSimulator.ActiveCfg = Debug|Any CPU
		{3B98C6A5-7159-48D1-84C4-4DACDFE12818}.AppStore|iPhoneSimulator.Build.0 = Debug|Any CPU
		{3B98C6A5-7159-48D1-84C4-4DACDFE12818}.AppStore|x64.ActiveCfg = Release|Any CPU
		{3B98C6A5-7159-48D1-84C4-4DACDFE12818}.AppStore|x64.Build.0 = Release|Any CPU
		{3B98C6A5-7159-48D1-84C4-4DACDFE12818}.AppStore|x86.ActiveCfg = Release|Any CPU
		{3B98C6A5-7159-48D1-84C4-4DACDFE12818}.AppStore|x86.Build.0 = Release|Any CPU
		{3B98C6A5-7159-48D1-84C4-4DACDFE12818}.Debug|Any CPU.ActiveCfg = Debug|Any CPU
		{3B98C6A5-7159-48D1-84C4-4DACDFE12818}.Debug|Any CPU.Build.0 = Debug|Any CPU
		{3B98C6A5-7159-48D1-84C4-4DACDFE12818}.Debug|ARM.ActiveCfg = Debug|Any CPU
		{3B98C6A5-7159-48D1-84C4-4DACDFE12818}.Debug|ARM.Build.0 = Debug|Any CPU
		{3B98C6A5-7159-48D1-84C4-4DACDFE12818}.Debug|iPhone.ActiveCfg = Debug|Any CPU
		{3B98C6A5-7159-48D1-84C4-4DACDFE12818}.Debug|iPhone.Build.0 = Debug|Any CPU
		{3B98C6A5-7159-48D1-84C4-4DACDFE12818}.Debug|iPhoneSimulator.ActiveCfg = Debug|Any CPU
		{3B98C6A5-7159-48D1-84C4-4DACDFE12818}.Debug|iPhoneSimulator.Build.0 = Debug|Any CPU
		{3B98C6A5-7159-48D1-84C4-4DACDFE12818}.Debug|x64.ActiveCfg = Debug|Any CPU
		{3B98C6A5-7159-48D1-84C4-4DACDFE12818}.Debug|x64.Build.0 = Debug|Any CPU
		{3B98C6A5-7159-48D1-84C4-4DACDFE12818}.Debug|x86.ActiveCfg = Debug|Any CPU
		{3B98C6A5-7159-48D1-84C4-4DACDFE12818}.Debug|x86.Build.0 = Debug|Any CPU
		{3B98C6A5-7159-48D1-84C4-4DACDFE12818}.Release|Any CPU.ActiveCfg = Release|Any CPU
		{3B98C6A5-7159-48D1-84C4-4DACDFE12818}.Release|Any CPU.Build.0 = Release|Any CPU
		{3B98C6A5-7159-48D1-84C4-4DACDFE12818}.Release|ARM.ActiveCfg = Release|Any CPU
		{3B98C6A5-7159-48D1-84C4-4DACDFE12818}.Release|ARM.Build.0 = Release|Any CPU
		{3B98C6A5-7159-48D1-84C4-4DACDFE12818}.Release|iPhone.ActiveCfg = Release|Any CPU
		{3B98C6A5-7159-48D1-84C4-4DACDFE12818}.Release|iPhone.Build.0 = Release|Any CPU
		{3B98C6A5-7159-48D1-84C4-4DACDFE12818}.Release|iPhoneSimulator.ActiveCfg = Release|Any CPU
		{3B98C6A5-7159-48D1-84C4-4DACDFE12818}.Release|iPhoneSimulator.Build.0 = Release|Any CPU
		{3B98C6A5-7159-48D1-84C4-4DACDFE12818}.Release|x64.ActiveCfg = Release|Any CPU
		{3B98C6A5-7159-48D1-84C4-4DACDFE12818}.Release|x64.Build.0 = Release|Any CPU
		{3B98C6A5-7159-48D1-84C4-4DACDFE12818}.Release|x86.ActiveCfg = Release|Any CPU
		{3B98C6A5-7159-48D1-84C4-4DACDFE12818}.Release|x86.Build.0 = Release|Any CPU
		{F4F67AC0-86F3-4024-A943-0CF49B8E93BA}.Ad-Hoc|Any CPU.ActiveCfg = Release|Any CPU
		{F4F67AC0-86F3-4024-A943-0CF49B8E93BA}.Ad-Hoc|Any CPU.Build.0 = Release|Any CPU
		{F4F67AC0-86F3-4024-A943-0CF49B8E93BA}.Ad-Hoc|Any CPU.Deploy.0 = Release|Any CPU
		{F4F67AC0-86F3-4024-A943-0CF49B8E93BA}.Ad-Hoc|ARM.ActiveCfg = Debug|Any CPU
		{F4F67AC0-86F3-4024-A943-0CF49B8E93BA}.Ad-Hoc|ARM.Build.0 = Debug|Any CPU
		{F4F67AC0-86F3-4024-A943-0CF49B8E93BA}.Ad-Hoc|ARM.Deploy.0 = Debug|Any CPU
		{F4F67AC0-86F3-4024-A943-0CF49B8E93BA}.Ad-Hoc|iPhone.ActiveCfg = Release|Any CPU
		{F4F67AC0-86F3-4024-A943-0CF49B8E93BA}.Ad-Hoc|iPhone.Build.0 = Release|Any CPU
		{F4F67AC0-86F3-4024-A943-0CF49B8E93BA}.Ad-Hoc|iPhone.Deploy.0 = Release|Any CPU
		{F4F67AC0-86F3-4024-A943-0CF49B8E93BA}.Ad-Hoc|iPhoneSimulator.ActiveCfg = Release|Any CPU
		{F4F67AC0-86F3-4024-A943-0CF49B8E93BA}.Ad-Hoc|iPhoneSimulator.Build.0 = Release|Any CPU
		{F4F67AC0-86F3-4024-A943-0CF49B8E93BA}.Ad-Hoc|iPhoneSimulator.Deploy.0 = Release|Any CPU
		{F4F67AC0-86F3-4024-A943-0CF49B8E93BA}.Ad-Hoc|x64.ActiveCfg = Debug|Any CPU
		{F4F67AC0-86F3-4024-A943-0CF49B8E93BA}.Ad-Hoc|x64.Build.0 = Debug|Any CPU
		{F4F67AC0-86F3-4024-A943-0CF49B8E93BA}.Ad-Hoc|x64.Deploy.0 = Debug|Any CPU
		{F4F67AC0-86F3-4024-A943-0CF49B8E93BA}.Ad-Hoc|x86.ActiveCfg = Debug|Any CPU
		{F4F67AC0-86F3-4024-A943-0CF49B8E93BA}.Ad-Hoc|x86.Build.0 = Debug|Any CPU
		{F4F67AC0-86F3-4024-A943-0CF49B8E93BA}.Ad-Hoc|x86.Deploy.0 = Debug|Any CPU
		{F4F67AC0-86F3-4024-A943-0CF49B8E93BA}.AppStore|Any CPU.ActiveCfg = Release|Any CPU
		{F4F67AC0-86F3-4024-A943-0CF49B8E93BA}.AppStore|Any CPU.Build.0 = Release|Any CPU
		{F4F67AC0-86F3-4024-A943-0CF49B8E93BA}.AppStore|Any CPU.Deploy.0 = Release|Any CPU
		{F4F67AC0-86F3-4024-A943-0CF49B8E93BA}.AppStore|ARM.ActiveCfg = Debug|Any CPU
		{F4F67AC0-86F3-4024-A943-0CF49B8E93BA}.AppStore|ARM.Build.0 = Debug|Any CPU
		{F4F67AC0-86F3-4024-A943-0CF49B8E93BA}.AppStore|ARM.Deploy.0 = Debug|Any CPU
		{F4F67AC0-86F3-4024-A943-0CF49B8E93BA}.AppStore|iPhone.ActiveCfg = Release|Any CPU
		{F4F67AC0-86F3-4024-A943-0CF49B8E93BA}.AppStore|iPhone.Build.0 = Release|Any CPU
		{F4F67AC0-86F3-4024-A943-0CF49B8E93BA}.AppStore|iPhone.Deploy.0 = Release|Any CPU
		{F4F67AC0-86F3-4024-A943-0CF49B8E93BA}.AppStore|iPhoneSimulator.ActiveCfg = Release|Any CPU
		{F4F67AC0-86F3-4024-A943-0CF49B8E93BA}.AppStore|iPhoneSimulator.Build.0 = Release|Any CPU
		{F4F67AC0-86F3-4024-A943-0CF49B8E93BA}.AppStore|iPhoneSimulator.Deploy.0 = Release|Any CPU
		{F4F67AC0-86F3-4024-A943-0CF49B8E93BA}.AppStore|x64.ActiveCfg = Debug|Any CPU
		{F4F67AC0-86F3-4024-A943-0CF49B8E93BA}.AppStore|x64.Build.0 = Debug|Any CPU
		{F4F67AC0-86F3-4024-A943-0CF49B8E93BA}.AppStore|x64.Deploy.0 = Debug|Any CPU
		{F4F67AC0-86F3-4024-A943-0CF49B8E93BA}.AppStore|x86.ActiveCfg = Debug|Any CPU
		{F4F67AC0-86F3-4024-A943-0CF49B8E93BA}.AppStore|x86.Build.0 = Debug|Any CPU
		{F4F67AC0-86F3-4024-A943-0CF49B8E93BA}.AppStore|x86.Deploy.0 = Debug|Any CPU
		{F4F67AC0-86F3-4024-A943-0CF49B8E93BA}.Debug|Any CPU.ActiveCfg = Debug|Any CPU
		{F4F67AC0-86F3-4024-A943-0CF49B8E93BA}.Debug|Any CPU.Build.0 = Debug|Any CPU
		{F4F67AC0-86F3-4024-A943-0CF49B8E93BA}.Debug|Any CPU.Deploy.0 = Debug|Any CPU
		{F4F67AC0-86F3-4024-A943-0CF49B8E93BA}.Debug|ARM.ActiveCfg = Debug|Any CPU
		{F4F67AC0-86F3-4024-A943-0CF49B8E93BA}.Debug|ARM.Build.0 = Debug|Any CPU
		{F4F67AC0-86F3-4024-A943-0CF49B8E93BA}.Debug|ARM.Deploy.0 = Debug|Any CPU
		{F4F67AC0-86F3-4024-A943-0CF49B8E93BA}.Debug|iPhone.ActiveCfg = Debug|Any CPU
		{F4F67AC0-86F3-4024-A943-0CF49B8E93BA}.Debug|iPhone.Build.0 = Debug|Any CPU
		{F4F67AC0-86F3-4024-A943-0CF49B8E93BA}.Debug|iPhone.Deploy.0 = Debug|Any CPU
		{F4F67AC0-86F3-4024-A943-0CF49B8E93BA}.Debug|iPhoneSimulator.ActiveCfg = Debug|Any CPU
		{F4F67AC0-86F3-4024-A943-0CF49B8E93BA}.Debug|iPhoneSimulator.Build.0 = Debug|Any CPU
		{F4F67AC0-86F3-4024-A943-0CF49B8E93BA}.Debug|iPhoneSimulator.Deploy.0 = Debug|Any CPU
		{F4F67AC0-86F3-4024-A943-0CF49B8E93BA}.Debug|x64.ActiveCfg = Debug|Any CPU
		{F4F67AC0-86F3-4024-A943-0CF49B8E93BA}.Debug|x64.Build.0 = Debug|Any CPU
		{F4F67AC0-86F3-4024-A943-0CF49B8E93BA}.Debug|x64.Deploy.0 = Debug|Any CPU
		{F4F67AC0-86F3-4024-A943-0CF49B8E93BA}.Debug|x86.ActiveCfg = Debug|Any CPU
		{F4F67AC0-86F3-4024-A943-0CF49B8E93BA}.Debug|x86.Build.0 = Debug|Any CPU
		{F4F67AC0-86F3-4024-A943-0CF49B8E93BA}.Debug|x86.Deploy.0 = Debug|Any CPU
		{F4F67AC0-86F3-4024-A943-0CF49B8E93BA}.Release|Any CPU.ActiveCfg = Release|Any CPU
		{F4F67AC0-86F3-4024-A943-0CF49B8E93BA}.Release|Any CPU.Build.0 = Release|Any CPU
		{F4F67AC0-86F3-4024-A943-0CF49B8E93BA}.Release|Any CPU.Deploy.0 = Release|Any CPU
		{F4F67AC0-86F3-4024-A943-0CF49B8E93BA}.Release|ARM.ActiveCfg = Release|Any CPU
		{F4F67AC0-86F3-4024-A943-0CF49B8E93BA}.Release|ARM.Build.0 = Release|Any CPU
		{F4F67AC0-86F3-4024-A943-0CF49B8E93BA}.Release|ARM.Deploy.0 = Release|Any CPU
		{F4F67AC0-86F3-4024-A943-0CF49B8E93BA}.Release|iPhone.ActiveCfg = Release|Any CPU
		{F4F67AC0-86F3-4024-A943-0CF49B8E93BA}.Release|iPhone.Build.0 = Release|Any CPU
		{F4F67AC0-86F3-4024-A943-0CF49B8E93BA}.Release|iPhone.Deploy.0 = Release|Any CPU
		{F4F67AC0-86F3-4024-A943-0CF49B8E93BA}.Release|iPhoneSimulator.ActiveCfg = Release|Any CPU
		{F4F67AC0-86F3-4024-A943-0CF49B8E93BA}.Release|iPhoneSimulator.Build.0 = Release|Any CPU
		{F4F67AC0-86F3-4024-A943-0CF49B8E93BA}.Release|iPhoneSimulator.Deploy.0 = Release|Any CPU
		{F4F67AC0-86F3-4024-A943-0CF49B8E93BA}.Release|x64.ActiveCfg = Release|Any CPU
		{F4F67AC0-86F3-4024-A943-0CF49B8E93BA}.Release|x64.Build.0 = Release|Any CPU
		{F4F67AC0-86F3-4024-A943-0CF49B8E93BA}.Release|x64.Deploy.0 = Release|Any CPU
		{F4F67AC0-86F3-4024-A943-0CF49B8E93BA}.Release|x86.ActiveCfg = Release|Any CPU
		{F4F67AC0-86F3-4024-A943-0CF49B8E93BA}.Release|x86.Build.0 = Release|Any CPU
		{F4F67AC0-86F3-4024-A943-0CF49B8E93BA}.Release|x86.Deploy.0 = Release|Any CPU
		{4E00CCF2-5D4E-415F-AE06-291965E1822E}.Ad-Hoc|Any CPU.ActiveCfg = Ad-Hoc|iPhone
		{4E00CCF2-5D4E-415F-AE06-291965E1822E}.Ad-Hoc|ARM.ActiveCfg = Ad-Hoc|iPhoneSimulator
		{4E00CCF2-5D4E-415F-AE06-291965E1822E}.Ad-Hoc|iPhone.ActiveCfg = Ad-Hoc|iPhone
		{4E00CCF2-5D4E-415F-AE06-291965E1822E}.Ad-Hoc|iPhone.Build.0 = Ad-Hoc|iPhone
		{4E00CCF2-5D4E-415F-AE06-291965E1822E}.Ad-Hoc|iPhoneSimulator.ActiveCfg = Ad-Hoc|iPhoneSimulator
		{4E00CCF2-5D4E-415F-AE06-291965E1822E}.Ad-Hoc|iPhoneSimulator.Build.0 = Ad-Hoc|iPhoneSimulator
		{4E00CCF2-5D4E-415F-AE06-291965E1822E}.Ad-Hoc|x64.ActiveCfg = Ad-Hoc|iPhoneSimulator
		{4E00CCF2-5D4E-415F-AE06-291965E1822E}.Ad-Hoc|x86.ActiveCfg = Ad-Hoc|iPhoneSimulator
		{4E00CCF2-5D4E-415F-AE06-291965E1822E}.AppStore|Any CPU.ActiveCfg = AppStore|iPhone
		{4E00CCF2-5D4E-415F-AE06-291965E1822E}.AppStore|ARM.ActiveCfg = AppStore|iPhoneSimulator
		{4E00CCF2-5D4E-415F-AE06-291965E1822E}.AppStore|iPhone.ActiveCfg = AppStore|iPhone
		{4E00CCF2-5D4E-415F-AE06-291965E1822E}.AppStore|iPhone.Build.0 = AppStore|iPhone
		{4E00CCF2-5D4E-415F-AE06-291965E1822E}.AppStore|iPhoneSimulator.ActiveCfg = AppStore|iPhoneSimulator
		{4E00CCF2-5D4E-415F-AE06-291965E1822E}.AppStore|iPhoneSimulator.Build.0 = AppStore|iPhoneSimulator
		{4E00CCF2-5D4E-415F-AE06-291965E1822E}.AppStore|x64.ActiveCfg = AppStore|iPhoneSimulator
		{4E00CCF2-5D4E-415F-AE06-291965E1822E}.AppStore|x86.ActiveCfg = AppStore|iPhoneSimulator
		{4E00CCF2-5D4E-415F-AE06-291965E1822E}.Debug|Any CPU.ActiveCfg = Debug|iPhone
		{4E00CCF2-5D4E-415F-AE06-291965E1822E}.Debug|ARM.ActiveCfg = Debug|iPhoneSimulator
		{4E00CCF2-5D4E-415F-AE06-291965E1822E}.Debug|iPhone.ActiveCfg = Debug|iPhone
		{4E00CCF2-5D4E-415F-AE06-291965E1822E}.Debug|iPhone.Build.0 = Debug|iPhone
		{4E00CCF2-5D4E-415F-AE06-291965E1822E}.Debug|iPhoneSimulator.ActiveCfg = Debug|iPhoneSimulator
		{4E00CCF2-5D4E-415F-AE06-291965E1822E}.Debug|iPhoneSimulator.Build.0 = Debug|iPhoneSimulator
		{4E00CCF2-5D4E-415F-AE06-291965E1822E}.Debug|x64.ActiveCfg = Debug|iPhoneSimulator
		{4E00CCF2-5D4E-415F-AE06-291965E1822E}.Debug|x86.ActiveCfg = Debug|iPhoneSimulator
		{4E00CCF2-5D4E-415F-AE06-291965E1822E}.Release|Any CPU.ActiveCfg = Release|iPhone
		{4E00CCF2-5D4E-415F-AE06-291965E1822E}.Release|ARM.ActiveCfg = Release|iPhoneSimulator
		{4E00CCF2-5D4E-415F-AE06-291965E1822E}.Release|iPhone.ActiveCfg = Release|iPhone
		{4E00CCF2-5D4E-415F-AE06-291965E1822E}.Release|iPhone.Build.0 = Release|iPhone
		{4E00CCF2-5D4E-415F-AE06-291965E1822E}.Release|iPhoneSimulator.ActiveCfg = Release|iPhoneSimulator
		{4E00CCF2-5D4E-415F-AE06-291965E1822E}.Release|iPhoneSimulator.Build.0 = Release|iPhoneSimulator
		{4E00CCF2-5D4E-415F-AE06-291965E1822E}.Release|x64.ActiveCfg = Release|iPhoneSimulator
		{4E00CCF2-5D4E-415F-AE06-291965E1822E}.Release|x86.ActiveCfg = Release|iPhoneSimulator
		{4EDF7269-9680-47BB-A278-FB446F65E3C9}.Ad-Hoc|Any CPU.ActiveCfg = Release|x64
		{4EDF7269-9680-47BB-A278-FB446F65E3C9}.Ad-Hoc|Any CPU.Build.0 = Release|x64
		{4EDF7269-9680-47BB-A278-FB446F65E3C9}.Ad-Hoc|Any CPU.Deploy.0 = Release|x64
		{4EDF7269-9680-47BB-A278-FB446F65E3C9}.Ad-Hoc|ARM.ActiveCfg = Release|ARM
		{4EDF7269-9680-47BB-A278-FB446F65E3C9}.Ad-Hoc|ARM.Build.0 = Release|ARM
		{4EDF7269-9680-47BB-A278-FB446F65E3C9}.Ad-Hoc|ARM.Deploy.0 = Release|ARM
		{4EDF7269-9680-47BB-A278-FB446F65E3C9}.Ad-Hoc|iPhone.ActiveCfg = Release|x64
		{4EDF7269-9680-47BB-A278-FB446F65E3C9}.Ad-Hoc|iPhone.Build.0 = Release|x64
		{4EDF7269-9680-47BB-A278-FB446F65E3C9}.Ad-Hoc|iPhone.Deploy.0 = Release|x64
		{4EDF7269-9680-47BB-A278-FB446F65E3C9}.Ad-Hoc|iPhoneSimulator.ActiveCfg = Release|x64
		{4EDF7269-9680-47BB-A278-FB446F65E3C9}.Ad-Hoc|iPhoneSimulator.Build.0 = Release|x64
		{4EDF7269-9680-47BB-A278-FB446F65E3C9}.Ad-Hoc|iPhoneSimulator.Deploy.0 = Release|x64
		{4EDF7269-9680-47BB-A278-FB446F65E3C9}.Ad-Hoc|x64.ActiveCfg = Release|x64
		{4EDF7269-9680-47BB-A278-FB446F65E3C9}.Ad-Hoc|x64.Build.0 = Release|x64
		{4EDF7269-9680-47BB-A278-FB446F65E3C9}.Ad-Hoc|x64.Deploy.0 = Release|x64
		{4EDF7269-9680-47BB-A278-FB446F65E3C9}.Ad-Hoc|x86.ActiveCfg = Release|x86
		{4EDF7269-9680-47BB-A278-FB446F65E3C9}.Ad-Hoc|x86.Build.0 = Release|x86
		{4EDF7269-9680-47BB-A278-FB446F65E3C9}.Ad-Hoc|x86.Deploy.0 = Release|x86
		{4EDF7269-9680-47BB-A278-FB446F65E3C9}.AppStore|Any CPU.ActiveCfg = Release|x64
		{4EDF7269-9680-47BB-A278-FB446F65E3C9}.AppStore|Any CPU.Build.0 = Release|x64
		{4EDF7269-9680-47BB-A278-FB446F65E3C9}.AppStore|Any CPU.Deploy.0 = Release|x64
		{4EDF7269-9680-47BB-A278-FB446F65E3C9}.AppStore|ARM.ActiveCfg = Release|ARM
		{4EDF7269-9680-47BB-A278-FB446F65E3C9}.AppStore|ARM.Build.0 = Release|ARM
		{4EDF7269-9680-47BB-A278-FB446F65E3C9}.AppStore|ARM.Deploy.0 = Release|ARM
		{4EDF7269-9680-47BB-A278-FB446F65E3C9}.AppStore|iPhone.ActiveCfg = Release|x64
		{4EDF7269-9680-47BB-A278-FB446F65E3C9}.AppStore|iPhone.Build.0 = Release|x64
		{4EDF7269-9680-47BB-A278-FB446F65E3C9}.AppStore|iPhone.Deploy.0 = Release|x64
		{4EDF7269-9680-47BB-A278-FB446F65E3C9}.AppStore|iPhoneSimulator.ActiveCfg = Release|x64
		{4EDF7269-9680-47BB-A278-FB446F65E3C9}.AppStore|iPhoneSimulator.Build.0 = Release|x64
		{4EDF7269-9680-47BB-A278-FB446F65E3C9}.AppStore|iPhoneSimulator.Deploy.0 = Release|x64
		{4EDF7269-9680-47BB-A278-FB446F65E3C9}.AppStore|x64.ActiveCfg = Release|x64
		{4EDF7269-9680-47BB-A278-FB446F65E3C9}.AppStore|x64.Build.0 = Release|x64
		{4EDF7269-9680-47BB-A278-FB446F65E3C9}.AppStore|x64.Deploy.0 = Release|x64
		{4EDF7269-9680-47BB-A278-FB446F65E3C9}.AppStore|x86.ActiveCfg = Release|x86
		{4EDF7269-9680-47BB-A278-FB446F65E3C9}.AppStore|x86.Build.0 = Release|x86
		{4EDF7269-9680-47BB-A278-FB446F65E3C9}.AppStore|x86.Deploy.0 = Release|x86
		{4EDF7269-9680-47BB-A278-FB446F65E3C9}.Debug|Any CPU.ActiveCfg = Debug|x86
		{4EDF7269-9680-47BB-A278-FB446F65E3C9}.Debug|ARM.ActiveCfg = Debug|ARM
		{4EDF7269-9680-47BB-A278-FB446F65E3C9}.Debug|ARM.Build.0 = Debug|ARM
		{4EDF7269-9680-47BB-A278-FB446F65E3C9}.Debug|ARM.Deploy.0 = Debug|ARM
		{4EDF7269-9680-47BB-A278-FB446F65E3C9}.Debug|iPhone.ActiveCfg = Debug|x86
		{4EDF7269-9680-47BB-A278-FB446F65E3C9}.Debug|iPhoneSimulator.ActiveCfg = Debug|x86
		{4EDF7269-9680-47BB-A278-FB446F65E3C9}.Debug|x64.ActiveCfg = Debug|x64
		{4EDF7269-9680-47BB-A278-FB446F65E3C9}.Debug|x64.Build.0 = Debug|x64
		{4EDF7269-9680-47BB-A278-FB446F65E3C9}.Debug|x64.Deploy.0 = Debug|x64
		{4EDF7269-9680-47BB-A278-FB446F65E3C9}.Debug|x86.ActiveCfg = Debug|x86
		{4EDF7269-9680-47BB-A278-FB446F65E3C9}.Debug|x86.Build.0 = Debug|x86
		{4EDF7269-9680-47BB-A278-FB446F65E3C9}.Debug|x86.Deploy.0 = Debug|x86
		{4EDF7269-9680-47BB-A278-FB446F65E3C9}.Release|Any CPU.ActiveCfg = Release|x86
		{4EDF7269-9680-47BB-A278-FB446F65E3C9}.Release|ARM.ActiveCfg = Release|ARM
		{4EDF7269-9680-47BB-A278-FB446F65E3C9}.Release|ARM.Build.0 = Release|ARM
		{4EDF7269-9680-47BB-A278-FB446F65E3C9}.Release|ARM.Deploy.0 = Release|ARM
		{4EDF7269-9680-47BB-A278-FB446F65E3C9}.Release|iPhone.ActiveCfg = Release|x86
		{4EDF7269-9680-47BB-A278-FB446F65E3C9}.Release|iPhoneSimulator.ActiveCfg = Release|x86
		{4EDF7269-9680-47BB-A278-FB446F65E3C9}.Release|x64.ActiveCfg = Release|x64
		{4EDF7269-9680-47BB-A278-FB446F65E3C9}.Release|x64.Build.0 = Release|x64
		{4EDF7269-9680-47BB-A278-FB446F65E3C9}.Release|x64.Deploy.0 = Release|x64
		{4EDF7269-9680-47BB-A278-FB446F65E3C9}.Release|x86.ActiveCfg = Release|x86
		{4EDF7269-9680-47BB-A278-FB446F65E3C9}.Release|x86.Build.0 = Release|x86
		{4EDF7269-9680-47BB-A278-FB446F65E3C9}.Release|x86.Deploy.0 = Release|x86
		{11142155-CDB9-4241-9FAA-DC848F72C6EB}.Ad-Hoc|Any CPU.ActiveCfg = Debug|Any CPU
		{11142155-CDB9-4241-9FAA-DC848F72C6EB}.Ad-Hoc|Any CPU.Build.0 = Debug|Any CPU
		{11142155-CDB9-4241-9FAA-DC848F72C6EB}.Ad-Hoc|ARM.ActiveCfg = Debug|Any CPU
		{11142155-CDB9-4241-9FAA-DC848F72C6EB}.Ad-Hoc|ARM.Build.0 = Debug|Any CPU
		{11142155-CDB9-4241-9FAA-DC848F72C6EB}.Ad-Hoc|iPhone.ActiveCfg = Debug|Any CPU
		{11142155-CDB9-4241-9FAA-DC848F72C6EB}.Ad-Hoc|iPhone.Build.0 = Debug|Any CPU
		{11142155-CDB9-4241-9FAA-DC848F72C6EB}.Ad-Hoc|iPhoneSimulator.ActiveCfg = Debug|Any CPU
		{11142155-CDB9-4241-9FAA-DC848F72C6EB}.Ad-Hoc|iPhoneSimulator.Build.0 = Debug|Any CPU
		{11142155-CDB9-4241-9FAA-DC848F72C6EB}.Ad-Hoc|x64.ActiveCfg = Debug|Any CPU
		{11142155-CDB9-4241-9FAA-DC848F72C6EB}.Ad-Hoc|x64.Build.0 = Debug|Any CPU
		{11142155-CDB9-4241-9FAA-DC848F72C6EB}.Ad-Hoc|x86.ActiveCfg = Debug|Any CPU
		{11142155-CDB9-4241-9FAA-DC848F72C6EB}.Ad-Hoc|x86.Build.0 = Debug|Any CPU
		{11142155-CDB9-4241-9FAA-DC848F72C6EB}.AppStore|Any CPU.ActiveCfg = Debug|Any CPU
		{11142155-CDB9-4241-9FAA-DC848F72C6EB}.AppStore|Any CPU.Build.0 = Debug|Any CPU
		{11142155-CDB9-4241-9FAA-DC848F72C6EB}.AppStore|ARM.ActiveCfg = Debug|Any CPU
		{11142155-CDB9-4241-9FAA-DC848F72C6EB}.AppStore|ARM.Build.0 = Debug|Any CPU
		{11142155-CDB9-4241-9FAA-DC848F72C6EB}.AppStore|iPhone.ActiveCfg = Debug|Any CPU
		{11142155-CDB9-4241-9FAA-DC848F72C6EB}.AppStore|iPhone.Build.0 = Debug|Any CPU
		{11142155-CDB9-4241-9FAA-DC848F72C6EB}.AppStore|iPhoneSimulator.ActiveCfg = Debug|Any CPU
		{11142155-CDB9-4241-9FAA-DC848F72C6EB}.AppStore|iPhoneSimulator.Build.0 = Debug|Any CPU
		{11142155-CDB9-4241-9FAA-DC848F72C6EB}.AppStore|x64.ActiveCfg = Debug|Any CPU
		{11142155-CDB9-4241-9FAA-DC848F72C6EB}.AppStore|x64.Build.0 = Debug|Any CPU
		{11142155-CDB9-4241-9FAA-DC848F72C6EB}.AppStore|x86.ActiveCfg = Debug|Any CPU
		{11142155-CDB9-4241-9FAA-DC848F72C6EB}.AppStore|x86.Build.0 = Debug|Any CPU
		{11142155-CDB9-4241-9FAA-DC848F72C6EB}.Debug|Any CPU.ActiveCfg = Debug|Any CPU
		{11142155-CDB9-4241-9FAA-DC848F72C6EB}.Debug|Any CPU.Build.0 = Debug|Any CPU
		{11142155-CDB9-4241-9FAA-DC848F72C6EB}.Debug|ARM.ActiveCfg = Debug|Any CPU
		{11142155-CDB9-4241-9FAA-DC848F72C6EB}.Debug|ARM.Build.0 = Debug|Any CPU
		{11142155-CDB9-4241-9FAA-DC848F72C6EB}.Debug|iPhone.ActiveCfg = Debug|Any CPU
		{11142155-CDB9-4241-9FAA-DC848F72C6EB}.Debug|iPhone.Build.0 = Debug|Any CPU
		{11142155-CDB9-4241-9FAA-DC848F72C6EB}.Debug|iPhoneSimulator.ActiveCfg = Debug|Any CPU
		{11142155-CDB9-4241-9FAA-DC848F72C6EB}.Debug|iPhoneSimulator.Build.0 = Debug|Any CPU
		{11142155-CDB9-4241-9FAA-DC848F72C6EB}.Debug|x64.ActiveCfg = Debug|Any CPU
		{11142155-CDB9-4241-9FAA-DC848F72C6EB}.Debug|x64.Build.0 = Debug|Any CPU
		{11142155-CDB9-4241-9FAA-DC848F72C6EB}.Debug|x86.ActiveCfg = Debug|Any CPU
		{11142155-CDB9-4241-9FAA-DC848F72C6EB}.Debug|x86.Build.0 = Debug|Any CPU
		{11142155-CDB9-4241-9FAA-DC848F72C6EB}.Release|Any CPU.ActiveCfg = Release|Any CPU
		{11142155-CDB9-4241-9FAA-DC848F72C6EB}.Release|Any CPU.Build.0 = Release|Any CPU
		{11142155-CDB9-4241-9FAA-DC848F72C6EB}.Release|ARM.ActiveCfg = Release|Any CPU
		{11142155-CDB9-4241-9FAA-DC848F72C6EB}.Release|ARM.Build.0 = Release|Any CPU
		{11142155-CDB9-4241-9FAA-DC848F72C6EB}.Release|iPhone.ActiveCfg = Release|Any CPU
		{11142155-CDB9-4241-9FAA-DC848F72C6EB}.Release|iPhone.Build.0 = Release|Any CPU
		{11142155-CDB9-4241-9FAA-DC848F72C6EB}.Release|iPhoneSimulator.ActiveCfg = Release|Any CPU
		{11142155-CDB9-4241-9FAA-DC848F72C6EB}.Release|iPhoneSimulator.Build.0 = Release|Any CPU
		{11142155-CDB9-4241-9FAA-DC848F72C6EB}.Release|x64.ActiveCfg = Release|Any CPU
		{11142155-CDB9-4241-9FAA-DC848F72C6EB}.Release|x64.Build.0 = Release|Any CPU
		{11142155-CDB9-4241-9FAA-DC848F72C6EB}.Release|x86.ActiveCfg = Release|Any CPU
		{11142155-CDB9-4241-9FAA-DC848F72C6EB}.Release|x86.Build.0 = Release|Any CPU
		{B816CFD1-B3F7-4188-986F-402CC93A09EC}.Ad-Hoc|Any CPU.ActiveCfg = Release|Any CPU
		{B816CFD1-B3F7-4188-986F-402CC93A09EC}.Ad-Hoc|Any CPU.Build.0 = Release|Any CPU
		{B816CFD1-B3F7-4188-986F-402CC93A09EC}.Ad-Hoc|Any CPU.Deploy.0 = Release|Any CPU
		{B816CFD1-B3F7-4188-986F-402CC93A09EC}.Ad-Hoc|ARM.ActiveCfg = Release|Any CPU
		{B816CFD1-B3F7-4188-986F-402CC93A09EC}.Ad-Hoc|ARM.Build.0 = Release|Any CPU
		{B816CFD1-B3F7-4188-986F-402CC93A09EC}.Ad-Hoc|ARM.Deploy.0 = Release|Any CPU
		{B816CFD1-B3F7-4188-986F-402CC93A09EC}.Ad-Hoc|iPhone.ActiveCfg = Release|Any CPU
		{B816CFD1-B3F7-4188-986F-402CC93A09EC}.Ad-Hoc|iPhone.Build.0 = Release|Any CPU
		{B816CFD1-B3F7-4188-986F-402CC93A09EC}.Ad-Hoc|iPhone.Deploy.0 = Release|Any CPU
		{B816CFD1-B3F7-4188-986F-402CC93A09EC}.Ad-Hoc|iPhoneSimulator.ActiveCfg = Release|Any CPU
		{B816CFD1-B3F7-4188-986F-402CC93A09EC}.Ad-Hoc|iPhoneSimulator.Build.0 = Release|Any CPU
		{B816CFD1-B3F7-4188-986F-402CC93A09EC}.Ad-Hoc|iPhoneSimulator.Deploy.0 = Release|Any CPU
		{B816CFD1-B3F7-4188-986F-402CC93A09EC}.Ad-Hoc|x64.ActiveCfg = Release|Any CPU
		{B816CFD1-B3F7-4188-986F-402CC93A09EC}.Ad-Hoc|x64.Build.0 = Release|Any CPU
		{B816CFD1-B3F7-4188-986F-402CC93A09EC}.Ad-Hoc|x64.Deploy.0 = Release|Any CPU
		{B816CFD1-B3F7-4188-986F-402CC93A09EC}.Ad-Hoc|x86.ActiveCfg = Release|Any CPU
		{B816CFD1-B3F7-4188-986F-402CC93A09EC}.Ad-Hoc|x86.Build.0 = Release|Any CPU
		{B816CFD1-B3F7-4188-986F-402CC93A09EC}.Ad-Hoc|x86.Deploy.0 = Release|Any CPU
		{B816CFD1-B3F7-4188-986F-402CC93A09EC}.AppStore|Any CPU.ActiveCfg = Release|Any CPU
		{B816CFD1-B3F7-4188-986F-402CC93A09EC}.AppStore|Any CPU.Build.0 = Release|Any CPU
		{B816CFD1-B3F7-4188-986F-402CC93A09EC}.AppStore|Any CPU.Deploy.0 = Release|Any CPU
		{B816CFD1-B3F7-4188-986F-402CC93A09EC}.AppStore|ARM.ActiveCfg = Release|Any CPU
		{B816CFD1-B3F7-4188-986F-402CC93A09EC}.AppStore|ARM.Build.0 = Release|Any CPU
		{B816CFD1-B3F7-4188-986F-402CC93A09EC}.AppStore|ARM.Deploy.0 = Release|Any CPU
		{B816CFD1-B3F7-4188-986F-402CC93A09EC}.AppStore|iPhone.ActiveCfg = Release|Any CPU
		{B816CFD1-B3F7-4188-986F-402CC93A09EC}.AppStore|iPhone.Build.0 = Release|Any CPU
		{B816CFD1-B3F7-4188-986F-402CC93A09EC}.AppStore|iPhone.Deploy.0 = Release|Any CPU
		{B816CFD1-B3F7-4188-986F-402CC93A09EC}.AppStore|iPhoneSimulator.ActiveCfg = Release|Any CPU
		{B816CFD1-B3F7-4188-986F-402CC93A09EC}.AppStore|iPhoneSimulator.Build.0 = Release|Any CPU
		{B816CFD1-B3F7-4188-986F-402CC93A09EC}.AppStore|iPhoneSimulator.Deploy.0 = Release|Any CPU
		{B816CFD1-B3F7-4188-986F-402CC93A09EC}.AppStore|x64.ActiveCfg = Release|Any CPU
		{B816CFD1-B3F7-4188-986F-402CC93A09EC}.AppStore|x64.Build.0 = Release|Any CPU
		{B816CFD1-B3F7-4188-986F-402CC93A09EC}.AppStore|x64.Deploy.0 = Release|Any CPU
		{B816CFD1-B3F7-4188-986F-402CC93A09EC}.AppStore|x86.ActiveCfg = Release|Any CPU
		{B816CFD1-B3F7-4188-986F-402CC93A09EC}.AppStore|x86.Build.0 = Release|Any CPU
		{B816CFD1-B3F7-4188-986F-402CC93A09EC}.AppStore|x86.Deploy.0 = Release|Any CPU
		{B816CFD1-B3F7-4188-986F-402CC93A09EC}.Debug|Any CPU.ActiveCfg = Debug|Any CPU
		{B816CFD1-B3F7-4188-986F-402CC93A09EC}.Debug|Any CPU.Build.0 = Debug|Any CPU
		{B816CFD1-B3F7-4188-986F-402CC93A09EC}.Debug|Any CPU.Deploy.0 = Debug|Any CPU
		{B816CFD1-B3F7-4188-986F-402CC93A09EC}.Debug|ARM.ActiveCfg = Debug|Any CPU
		{B816CFD1-B3F7-4188-986F-402CC93A09EC}.Debug|ARM.Build.0 = Debug|Any CPU
		{B816CFD1-B3F7-4188-986F-402CC93A09EC}.Debug|ARM.Deploy.0 = Debug|Any CPU
		{B816CFD1-B3F7-4188-986F-402CC93A09EC}.Debug|iPhone.ActiveCfg = Debug|Any CPU
		{B816CFD1-B3F7-4188-986F-402CC93A09EC}.Debug|iPhone.Build.0 = Debug|Any CPU
		{B816CFD1-B3F7-4188-986F-402CC93A09EC}.Debug|iPhone.Deploy.0 = Debug|Any CPU
		{B816CFD1-B3F7-4188-986F-402CC93A09EC}.Debug|iPhoneSimulator.ActiveCfg = Debug|Any CPU
		{B816CFD1-B3F7-4188-986F-402CC93A09EC}.Debug|iPhoneSimulator.Build.0 = Debug|Any CPU
		{B816CFD1-B3F7-4188-986F-402CC93A09EC}.Debug|iPhoneSimulator.Deploy.0 = Debug|Any CPU
		{B816CFD1-B3F7-4188-986F-402CC93A09EC}.Debug|x64.ActiveCfg = Debug|Any CPU
		{B816CFD1-B3F7-4188-986F-402CC93A09EC}.Debug|x64.Build.0 = Debug|Any CPU
		{B816CFD1-B3F7-4188-986F-402CC93A09EC}.Debug|x64.Deploy.0 = Debug|Any CPU
		{B816CFD1-B3F7-4188-986F-402CC93A09EC}.Debug|x86.ActiveCfg = Debug|Any CPU
		{B816CFD1-B3F7-4188-986F-402CC93A09EC}.Debug|x86.Build.0 = Debug|Any CPU
		{B816CFD1-B3F7-4188-986F-402CC93A09EC}.Debug|x86.Deploy.0 = Debug|Any CPU
		{B816CFD1-B3F7-4188-986F-402CC93A09EC}.Release|Any CPU.ActiveCfg = Release|Any CPU
		{B816CFD1-B3F7-4188-986F-402CC93A09EC}.Release|Any CPU.Build.0 = Release|Any CPU
		{B816CFD1-B3F7-4188-986F-402CC93A09EC}.Release|Any CPU.Deploy.0 = Release|Any CPU
		{B816CFD1-B3F7-4188-986F-402CC93A09EC}.Release|ARM.ActiveCfg = Release|Any CPU
		{B816CFD1-B3F7-4188-986F-402CC93A09EC}.Release|ARM.Build.0 = Release|Any CPU
		{B816CFD1-B3F7-4188-986F-402CC93A09EC}.Release|ARM.Deploy.0 = Release|Any CPU
		{B816CFD1-B3F7-4188-986F-402CC93A09EC}.Release|iPhone.ActiveCfg = Release|Any CPU
		{B816CFD1-B3F7-4188-986F-402CC93A09EC}.Release|iPhone.Build.0 = Release|Any CPU
		{B816CFD1-B3F7-4188-986F-402CC93A09EC}.Release|iPhone.Deploy.0 = Release|Any CPU
		{B816CFD1-B3F7-4188-986F-402CC93A09EC}.Release|iPhoneSimulator.ActiveCfg = Release|Any CPU
		{B816CFD1-B3F7-4188-986F-402CC93A09EC}.Release|iPhoneSimulator.Build.0 = Release|Any CPU
		{B816CFD1-B3F7-4188-986F-402CC93A09EC}.Release|iPhoneSimulator.Deploy.0 = Release|Any CPU
		{B816CFD1-B3F7-4188-986F-402CC93A09EC}.Release|x64.ActiveCfg = Release|Any CPU
		{B816CFD1-B3F7-4188-986F-402CC93A09EC}.Release|x64.Build.0 = Release|Any CPU
		{B816CFD1-B3F7-4188-986F-402CC93A09EC}.Release|x64.Deploy.0 = Release|Any CPU
		{B816CFD1-B3F7-4188-986F-402CC93A09EC}.Release|x86.ActiveCfg = Release|Any CPU
		{B816CFD1-B3F7-4188-986F-402CC93A09EC}.Release|x86.Build.0 = Release|Any CPU
		{B816CFD1-B3F7-4188-986F-402CC93A09EC}.Release|x86.Deploy.0 = Release|Any CPU
		{C387803D-EAD4-417E-A1FE-A8F81A79ADEA}.Ad-Hoc|Any CPU.ActiveCfg = Release|x86
		{C387803D-EAD4-417E-A1FE-A8F81A79ADEA}.Ad-Hoc|Any CPU.Build.0 = Release|x86
		{C387803D-EAD4-417E-A1FE-A8F81A79ADEA}.Ad-Hoc|Any CPU.Deploy.0 = Release|x86
		{C387803D-EAD4-417E-A1FE-A8F81A79ADEA}.Ad-Hoc|ARM.ActiveCfg = Release|ARM
		{C387803D-EAD4-417E-A1FE-A8F81A79ADEA}.Ad-Hoc|ARM.Build.0 = Release|ARM
		{C387803D-EAD4-417E-A1FE-A8F81A79ADEA}.Ad-Hoc|ARM.Deploy.0 = Release|ARM
		{C387803D-EAD4-417E-A1FE-A8F81A79ADEA}.Ad-Hoc|iPhone.ActiveCfg = Release|x86
		{C387803D-EAD4-417E-A1FE-A8F81A79ADEA}.Ad-Hoc|iPhone.Build.0 = Release|x86
		{C387803D-EAD4-417E-A1FE-A8F81A79ADEA}.Ad-Hoc|iPhone.Deploy.0 = Release|x86
		{C387803D-EAD4-417E-A1FE-A8F81A79ADEA}.Ad-Hoc|iPhoneSimulator.ActiveCfg = Release|x86
		{C387803D-EAD4-417E-A1FE-A8F81A79ADEA}.Ad-Hoc|iPhoneSimulator.Build.0 = Release|x86
		{C387803D-EAD4-417E-A1FE-A8F81A79ADEA}.Ad-Hoc|iPhoneSimulator.Deploy.0 = Release|x86
		{C387803D-EAD4-417E-A1FE-A8F81A79ADEA}.Ad-Hoc|x64.ActiveCfg = Release|x64
		{C387803D-EAD4-417E-A1FE-A8F81A79ADEA}.Ad-Hoc|x64.Build.0 = Release|x64
		{C387803D-EAD4-417E-A1FE-A8F81A79ADEA}.Ad-Hoc|x64.Deploy.0 = Release|x64
		{C387803D-EAD4-417E-A1FE-A8F81A79ADEA}.Ad-Hoc|x86.ActiveCfg = Release|x86
		{C387803D-EAD4-417E-A1FE-A8F81A79ADEA}.Ad-Hoc|x86.Build.0 = Release|x86
		{C387803D-EAD4-417E-A1FE-A8F81A79ADEA}.Ad-Hoc|x86.Deploy.0 = Release|x86
		{C387803D-EAD4-417E-A1FE-A8F81A79ADEA}.AppStore|Any CPU.ActiveCfg = Release|x86
		{C387803D-EAD4-417E-A1FE-A8F81A79ADEA}.AppStore|Any CPU.Build.0 = Release|x86
		{C387803D-EAD4-417E-A1FE-A8F81A79ADEA}.AppStore|Any CPU.Deploy.0 = Release|x86
		{C387803D-EAD4-417E-A1FE-A8F81A79ADEA}.AppStore|ARM.ActiveCfg = Release|ARM
		{C387803D-EAD4-417E-A1FE-A8F81A79ADEA}.AppStore|ARM.Build.0 = Release|ARM
		{C387803D-EAD4-417E-A1FE-A8F81A79ADEA}.AppStore|ARM.Deploy.0 = Release|ARM
		{C387803D-EAD4-417E-A1FE-A8F81A79ADEA}.AppStore|iPhone.ActiveCfg = Release|x86
		{C387803D-EAD4-417E-A1FE-A8F81A79ADEA}.AppStore|iPhone.Build.0 = Release|x86
		{C387803D-EAD4-417E-A1FE-A8F81A79ADEA}.AppStore|iPhone.Deploy.0 = Release|x86
		{C387803D-EAD4-417E-A1FE-A8F81A79ADEA}.AppStore|iPhoneSimulator.ActiveCfg = Release|x86
		{C387803D-EAD4-417E-A1FE-A8F81A79ADEA}.AppStore|iPhoneSimulator.Build.0 = Release|x86
		{C387803D-EAD4-417E-A1FE-A8F81A79ADEA}.AppStore|iPhoneSimulator.Deploy.0 = Release|x86
		{C387803D-EAD4-417E-A1FE-A8F81A79ADEA}.AppStore|x64.ActiveCfg = Release|x64
		{C387803D-EAD4-417E-A1FE-A8F81A79ADEA}.AppStore|x64.Build.0 = Release|x64
		{C387803D-EAD4-417E-A1FE-A8F81A79ADEA}.AppStore|x64.Deploy.0 = Release|x64
		{C387803D-EAD4-417E-A1FE-A8F81A79ADEA}.AppStore|x86.ActiveCfg = Release|x86
		{C387803D-EAD4-417E-A1FE-A8F81A79ADEA}.AppStore|x86.Build.0 = Release|x86
		{C387803D-EAD4-417E-A1FE-A8F81A79ADEA}.AppStore|x86.Deploy.0 = Release|x86
		{C387803D-EAD4-417E-A1FE-A8F81A79ADEA}.Debug|Any CPU.ActiveCfg = Debug|x86
		{C387803D-EAD4-417E-A1FE-A8F81A79ADEA}.Debug|ARM.ActiveCfg = Debug|ARM
		{C387803D-EAD4-417E-A1FE-A8F81A79ADEA}.Debug|ARM.Build.0 = Debug|ARM
		{C387803D-EAD4-417E-A1FE-A8F81A79ADEA}.Debug|ARM.Deploy.0 = Debug|ARM
		{C387803D-EAD4-417E-A1FE-A8F81A79ADEA}.Debug|iPhone.ActiveCfg = Debug|x86
		{C387803D-EAD4-417E-A1FE-A8F81A79ADEA}.Debug|iPhoneSimulator.ActiveCfg = Debug|x86
		{C387803D-EAD4-417E-A1FE-A8F81A79ADEA}.Debug|x64.ActiveCfg = Debug|x64
		{C387803D-EAD4-417E-A1FE-A8F81A79ADEA}.Debug|x64.Build.0 = Debug|x64
		{C387803D-EAD4-417E-A1FE-A8F81A79ADEA}.Debug|x64.Deploy.0 = Debug|x64
		{C387803D-EAD4-417E-A1FE-A8F81A79ADEA}.Debug|x86.ActiveCfg = Debug|x86
		{C387803D-EAD4-417E-A1FE-A8F81A79ADEA}.Debug|x86.Build.0 = Debug|x86
		{C387803D-EAD4-417E-A1FE-A8F81A79ADEA}.Debug|x86.Deploy.0 = Debug|x86
		{C387803D-EAD4-417E-A1FE-A8F81A79ADEA}.Release|Any CPU.ActiveCfg = Release|x86
		{C387803D-EAD4-417E-A1FE-A8F81A79ADEA}.Release|ARM.ActiveCfg = Release|ARM
		{C387803D-EAD4-417E-A1FE-A8F81A79ADEA}.Release|ARM.Build.0 = Release|ARM
		{C387803D-EAD4-417E-A1FE-A8F81A79ADEA}.Release|ARM.Deploy.0 = Release|ARM
		{C387803D-EAD4-417E-A1FE-A8F81A79ADEA}.Release|iPhone.ActiveCfg = Release|x86
		{C387803D-EAD4-417E-A1FE-A8F81A79ADEA}.Release|iPhoneSimulator.ActiveCfg = Release|x86
		{C387803D-EAD4-417E-A1FE-A8F81A79ADEA}.Release|x64.ActiveCfg = Release|x64
		{C387803D-EAD4-417E-A1FE-A8F81A79ADEA}.Release|x64.Build.0 = Release|x64
		{C387803D-EAD4-417E-A1FE-A8F81A79ADEA}.Release|x64.Deploy.0 = Release|x64
		{C387803D-EAD4-417E-A1FE-A8F81A79ADEA}.Release|x86.ActiveCfg = Release|x86
		{C387803D-EAD4-417E-A1FE-A8F81A79ADEA}.Release|x86.Build.0 = Release|x86
		{C387803D-EAD4-417E-A1FE-A8F81A79ADEA}.Release|x86.Deploy.0 = Release|x86
		{3444E7FD-035D-4DEF-AD46-5E679938589F}.Ad-Hoc|Any CPU.ActiveCfg = Ad-Hoc|iPhone
		{3444E7FD-035D-4DEF-AD46-5E679938589F}.Ad-Hoc|ARM.ActiveCfg = Ad-Hoc|iPhone
		{3444E7FD-035D-4DEF-AD46-5E679938589F}.Ad-Hoc|iPhone.ActiveCfg = Ad-Hoc|iPhone
		{3444E7FD-035D-4DEF-AD46-5E679938589F}.Ad-Hoc|iPhone.Build.0 = Ad-Hoc|iPhone
		{3444E7FD-035D-4DEF-AD46-5E679938589F}.Ad-Hoc|iPhoneSimulator.ActiveCfg = Ad-Hoc|iPhoneSimulator
		{3444E7FD-035D-4DEF-AD46-5E679938589F}.Ad-Hoc|iPhoneSimulator.Build.0 = Ad-Hoc|iPhoneSimulator
		{3444E7FD-035D-4DEF-AD46-5E679938589F}.Ad-Hoc|x64.ActiveCfg = Ad-Hoc|iPhone
		{3444E7FD-035D-4DEF-AD46-5E679938589F}.Ad-Hoc|x86.ActiveCfg = Ad-Hoc|iPhone
		{3444E7FD-035D-4DEF-AD46-5E679938589F}.AppStore|Any CPU.ActiveCfg = AppStore|iPhone
		{3444E7FD-035D-4DEF-AD46-5E679938589F}.AppStore|ARM.ActiveCfg = AppStore|iPhone
		{3444E7FD-035D-4DEF-AD46-5E679938589F}.AppStore|iPhone.ActiveCfg = AppStore|iPhone
		{3444E7FD-035D-4DEF-AD46-5E679938589F}.AppStore|iPhone.Build.0 = AppStore|iPhone
		{3444E7FD-035D-4DEF-AD46-5E679938589F}.AppStore|iPhoneSimulator.ActiveCfg = AppStore|iPhoneSimulator
		{3444E7FD-035D-4DEF-AD46-5E679938589F}.AppStore|iPhoneSimulator.Build.0 = AppStore|iPhoneSimulator
		{3444E7FD-035D-4DEF-AD46-5E679938589F}.AppStore|x64.ActiveCfg = AppStore|iPhone
		{3444E7FD-035D-4DEF-AD46-5E679938589F}.AppStore|x86.ActiveCfg = AppStore|iPhone
		{3444E7FD-035D-4DEF-AD46-5E679938589F}.Debug|Any CPU.ActiveCfg = Debug|iPhone
		{3444E7FD-035D-4DEF-AD46-5E679938589F}.Debug|ARM.ActiveCfg = Debug|iPhone
		{3444E7FD-035D-4DEF-AD46-5E679938589F}.Debug|iPhone.ActiveCfg = Debug|iPhone
		{3444E7FD-035D-4DEF-AD46-5E679938589F}.Debug|iPhone.Build.0 = Debug|iPhone
		{3444E7FD-035D-4DEF-AD46-5E679938589F}.Debug|iPhoneSimulator.ActiveCfg = Debug|iPhoneSimulator
		{3444E7FD-035D-4DEF-AD46-5E679938589F}.Debug|iPhoneSimulator.Build.0 = Debug|iPhoneSimulator
		{3444E7FD-035D-4DEF-AD46-5E679938589F}.Debug|x64.ActiveCfg = Debug|iPhone
		{3444E7FD-035D-4DEF-AD46-5E679938589F}.Debug|x86.ActiveCfg = Debug|iPhone
		{3444E7FD-035D-4DEF-AD46-5E679938589F}.Release|Any CPU.ActiveCfg = Release|iPhone
		{3444E7FD-035D-4DEF-AD46-5E679938589F}.Release|ARM.ActiveCfg = Release|iPhone
		{3444E7FD-035D-4DEF-AD46-5E679938589F}.Release|iPhone.ActiveCfg = Release|iPhone
		{3444E7FD-035D-4DEF-AD46-5E679938589F}.Release|iPhone.Build.0 = Release|iPhone
		{3444E7FD-035D-4DEF-AD46-5E679938589F}.Release|iPhoneSimulator.ActiveCfg = Release|iPhoneSimulator
		{3444E7FD-035D-4DEF-AD46-5E679938589F}.Release|iPhoneSimulator.Build.0 = Release|iPhoneSimulator
		{3444E7FD-035D-4DEF-AD46-5E679938589F}.Release|x64.ActiveCfg = Release|iPhone
		{3444E7FD-035D-4DEF-AD46-5E679938589F}.Release|x86.ActiveCfg = Release|iPhone
	EndGlobalSection
	GlobalSection(SolutionProperties) = preSolution
		HideSolutionNode = FALSE
	EndGlobalSection
	GlobalSection(NestedProjects) = preSolution
		{A4C3B6E2-92D5-478B-99DC-1CF0F489284E} = {D7352774-663C-445E-8C46-BAEAE4532A76}
		{414ED55C-0665-4CCF-BD0D-26E34C2B7B16} = {A4C3B6E2-92D5-478B-99DC-1CF0F489284E}
		{3B98C6A5-7159-48D1-84C4-4DACDFE12818} = {A4C3B6E2-92D5-478B-99DC-1CF0F489284E}
		{F4F67AC0-86F3-4024-A943-0CF49B8E93BA} = {A4C3B6E2-92D5-478B-99DC-1CF0F489284E}
		{4E00CCF2-5D4E-415F-AE06-291965E1822E} = {A4C3B6E2-92D5-478B-99DC-1CF0F489284E}
		{4EDF7269-9680-47BB-A278-FB446F65E3C9} = {A4C3B6E2-92D5-478B-99DC-1CF0F489284E}
		{370BC50F-6FE9-4180-A1EA-90491D79B026} = {D7352774-663C-445E-8C46-BAEAE4532A76}
		{4FD14B44-7E1C-4B04-ABB1-3CB9F9584DA7} = {370BC50F-6FE9-4180-A1EA-90491D79B026}
		{11142155-CDB9-4241-9FAA-DC848F72C6EB} = {370BC50F-6FE9-4180-A1EA-90491D79B026}
		{B816CFD1-B3F7-4188-986F-402CC93A09EC} = {370BC50F-6FE9-4180-A1EA-90491D79B026}
		{C387803D-EAD4-417E-A1FE-A8F81A79ADEA} = {370BC50F-6FE9-4180-A1EA-90491D79B026}
		{3444E7FD-035D-4DEF-AD46-5E679938589F} = {370BC50F-6FE9-4180-A1EA-90491D79B026}
	EndGlobalSection
	GlobalSection(ExtensibilityGlobals) = postSolution
		SolutionGuid = {71E03F0F-805A-4695-AF83-58E2AEAFBE72}
	EndGlobalSection
EndGlobal
