
Microsoft Visual Studio Solution File, Format Version 12.00
# Visual Studio 15
VisualStudioVersion = 15.0.28010.2026
MinimumVisualStudioVersion = 10.0.40219.1
Project("{FAE04EC0-301F-11D3-BF4B-00C04F79EFBC}") = "MvxScaffolding.Vsix", "src\MvxScaffolding.Vsix\MvxScaffolding.Vsix.csproj", "{5F73E421-52CF-464D-A53D-F9B76A87B31D}"
EndProject
Project("{FAE04EC0-301F-11D3-BF4B-00C04F79EFBC}") = "MvxScaffolding.UI", "src\MvxScaffolding.UI\MvxScaffolding.UI.csproj", "{C727CC5B-1154-4DE7-8654-5038BDE92EBD}"
EndProject
Project("{9A19103F-16F7-4668-BE54-9A1E7A4F7556}") = "MvxScaffolding.Localization", "src\MvxScaffolding.Localization\MvxScaffolding.Localization.csproj", "{CA88AB77-EF3F-4ECF-94F9-9527829123F9}"
EndProject
Project("{FAE04EC0-301F-11D3-BF4B-00C04F79EFBC}") = "MvxScaffolding.Core", "src\MvxScaffolding.Core\MvxScaffolding.Core.csproj", "{079C1EB3-7123-4571-90DD-E4F298B78FB7}"
EndProject
Global
	GlobalSection(SolutionConfigurationPlatforms) = preSolution
		Debug|Any CPU = Debug|Any CPU
		Release|Any CPU = Release|Any CPU
	EndGlobalSection
	GlobalSection(ProjectConfigurationPlatforms) = postSolution
		{5F73E421-52CF-464D-A53D-F9B76A87B31D}.Debug|Any CPU.ActiveCfg = Debug|Any CPU
		{5F73E421-52CF-464D-A53D-F9B76A87B31D}.Debug|Any CPU.Build.0 = Debug|Any CPU
		{5F73E421-52CF-464D-A53D-F9B76A87B31D}.Release|Any CPU.ActiveCfg = Release|Any CPU
		{5F73E421-52CF-464D-A53D-F9B76A87B31D}.Release|Any CPU.Build.0 = Release|Any CPU
		{C727CC5B-1154-4DE7-8654-5038BDE92EBD}.Debug|Any CPU.ActiveCfg = Debug|Any CPU
		{C727CC5B-1154-4DE7-8654-5038BDE92EBD}.Debug|Any CPU.Build.0 = Debug|Any CPU
		{C727CC5B-1154-4DE7-8654-5038BDE92EBD}.Release|Any CPU.ActiveCfg = Release|Any CPU
		{C727CC5B-1154-4DE7-8654-5038BDE92EBD}.Release|Any CPU.Build.0 = Release|Any CPU
		{CA88AB77-EF3F-4ECF-94F9-9527829123F9}.Debug|Any CPU.ActiveCfg = Debug|Any CPU
		{CA88AB77-EF3F-4ECF-94F9-9527829123F9}.Debug|Any CPU.Build.0 = Debug|Any CPU
		{CA88AB77-EF3F-4ECF-94F9-9527829123F9}.Release|Any CPU.ActiveCfg = Release|Any CPU
		{CA88AB77-EF3F-4ECF-94F9-9527829123F9}.Release|Any CPU.Build.0 = Release|Any CPU
		{079C1EB3-7123-4571-90DD-E4F298B78FB7}.Debug|Any CPU.ActiveCfg = Debug|Any CPU
		{079C1EB3-7123-4571-90DD-E4F298B78FB7}.Debug|Any CPU.Build.0 = Debug|Any CPU
		{079C1EB3-7123-4571-90DD-E4F298B78FB7}.Release|Any CPU.ActiveCfg = Release|Any CPU
		{079C1EB3-7123-4571-90DD-E4F298B78FB7}.Release|Any CPU.Build.0 = Release|Any CPU
	EndGlobalSection
	GlobalSection(SolutionProperties) = preSolution
		HideSolutionNode = FALSE
	EndGlobalSection
	GlobalSection(ExtensibilityGlobals) = postSolution
		SolutionGuid = {070C7CA6-070F-420A-B870-08EB3896E8F1}
	EndGlobalSection
EndGlobal
