
Microsoft Visual Studio Solution File, Format Version 12.00
# Blend for Visual Studio 15
VisualStudioVersion = 15.0.27130.2024
MinimumVisualStudioVersion = 10.0.40219.1
Project("{FAE04EC0-301F-11D3-BF4B-00C04F79EFBC}") = "MvxScaffolding.UI", "src\MvxScaffolding.UI\MvxScaffolding.UI.csproj", "{C727CC5B-1154-4DE7-8654-5038BDE92EBD}"
EndProject
Project("{FAE04EC0-301F-11D3-BF4B-00C04F79EFBC}") = "MvxScaffolding.VsEmulator", "src\MvxScaffolding.VsEmulator\MvxScaffolding.VsEmulator.csproj", "{59B4974D-C88F-432C-B013-7F838A0A218E}"
EndProject
Global
	GlobalSection(SolutionConfigurationPlatforms) = preSolution
		Debug|Any CPU = Debug|Any CPU
		Release|Any CPU = Release|Any CPU
	EndGlobalSection
	GlobalSection(ProjectConfigurationPlatforms) = postSolution
		{C727CC5B-1154-4DE7-8654-5038BDE92EBD}.Debug|Any CPU.ActiveCfg = Debug|Any CPU
		{C727CC5B-1154-4DE7-8654-5038BDE92EBD}.Debug|Any CPU.Build.0 = Debug|Any CPU
		{C727CC5B-1154-4DE7-8654-5038BDE92EBD}.Release|Any CPU.ActiveCfg = Release|Any CPU
		{C727CC5B-1154-4DE7-8654-5038BDE92EBD}.Release|Any CPU.Build.0 = Release|Any CPU
		{59B4974D-C88F-432C-B013-7F838A0A218E}.Debug|Any CPU.ActiveCfg = Debug|Any CPU
		{59B4974D-C88F-432C-B013-7F838A0A218E}.Debug|Any CPU.Build.0 = Debug|Any CPU
		{59B4974D-C88F-432C-B013-7F838A0A218E}.Release|Any CPU.ActiveCfg = Release|Any CPU
		{59B4974D-C88F-432C-B013-7F838A0A218E}.Release|Any CPU.Build.0 = Release|Any CPU
	EndGlobalSection
	GlobalSection(SolutionProperties) = preSolution
		HideSolutionNode = FALSE
	EndGlobalSection
	GlobalSection(ExtensibilityGlobals) = postSolution
		SolutionGuid = {6FE59DB1-06FF-4C23-B1D4-51FE2B906DE3}
	EndGlobalSection
EndGlobal
