
Microsoft Visual Studio Solution File, Format Version 12.00
# Visual Studio 15
VisualStudioVersion = 15.0.27130.2010
MinimumVisualStudioVersion = 10.0.40219.1
Project("{9A19103F-16F7-4668-BE54-9A1E7A4F7556}") = "MvxFormsTemp.Core", "src\MvxFormsTemp.Core\MvxFormsTemp.Core.csproj", "{E02AD468-057C-4CC0-8B50-F664FD5A031D}"
EndProject
//#if (HasAndroidProject)
Project("{FAE04EC0-301F-11D3-BF4B-00C04F79EFBC}") = "MvxFormsTemp.Droid", "src\MvxFormsTemp.Droid\MvxFormsTemp.Droid.csproj", "{B816CFD1-B3F7-4188-986F-402CC93A09EC}"
EndProject
//#endif
//#if (HasiOSProject)
Project("{FAE04EC0-301F-11D3-BF4B-00C04F79EFBC}") = "MvxFormsTemp.iOS", "src\MvxFormsTemp.iOS\MvxFormsTemp.iOS.csproj", "{3444E7FD-035D-4DEF-AD46-5E679938589F}"
EndProject
//#endif
//#if (HasUWPProject)
Project("{FAE04EC0-301F-11D3-BF4B-00C04F79EFBC}") = "MvxFormsTemp.UWP", "src\MvxFormsTemp.UWP\MvxFormsTemp.UWP.csproj", "{C387803D-EAD4-417E-A1FE-A8F81A79ADEA}"
EndProject
//#endif
//#if (HasEditorConfig)
Project("{2150E333-8FDC-42A3-9474-1A3956D46DE8}") = "!Solution Items", "!Solution Items", "{66D2862F-628D-48C3-AC12-993BECA41132}"
	ProjectSection(SolutionItems) = preProject
		.editorconfig = .editorconfig
	EndProjectSection
EndProject
//#endif
Global
	GlobalSection(SolutionConfigurationPlatforms) = preSolution
		Ad-Hoc|Any CPU = Ad-Hoc|Any CPU
		Ad-Hoc|ARM = Ad-Hoc|ARM
		Ad-Hoc|iPhone = Ad-Hoc|iPhone
		Ad-Hoc|iPhoneSimulator = Ad-Hoc|iPhoneSimulator
		Ad-Hoc|x64 = Ad-Hoc|x64
		Ad-Hoc|x86 = Ad-Hoc|x86
		AppStore|Any CPU = AppStore|Any CPU
		AppStore|ARM = AppStore|ARM
		AppStore|iPhone = AppStore|iPhone
		AppStore|iPhoneSimulator = AppStore|iPhoneSimulator
		AppStore|x64 = AppStore|x64
		AppStore|x86 = AppStore|x86
		Debug|Any CPU = Debug|Any CPU
		Debug|ARM = Debug|ARM
		Debug|iPhone = Debug|iPhone
		Debug|iPhoneSimulator = Debug|iPhoneSimulator
		Debug|x64 = Debug|x64
		Debug|x86 = Debug|x86
		Release|Any CPU = Release|Any CPU
		Release|ARM = Release|ARM
		Release|iPhone = Release|iPhone
		Release|iPhoneSimulator = Release|iPhoneSimulator
		Release|x64 = Release|x64
		Release|x86 = Release|x86
	EndGlobalSection
	GlobalSection(ProjectConfigurationPlatforms) = postSolution
		{E02AD468-057C-4CC0-8B50-F664FD5A031D}.Ad-Hoc|Any CPU.ActiveCfg = Debug|Any CPU
		{E02AD468-057C-4CC0-8B50-F664FD5A031D}.Ad-Hoc|Any CPU.Build.0 = Debug|Any CPU
		{E02AD468-057C-4CC0-8B50-F664FD5A031D}.Ad-Hoc|ARM.ActiveCfg = Debug|Any CPU
		{E02AD468-057C-4CC0-8B50-F664FD5A031D}.Ad-Hoc|ARM.Build.0 = Debug|Any CPU
		{E02AD468-057C-4CC0-8B50-F664FD5A031D}.Ad-Hoc|iPhone.ActiveCfg = Debug|Any CPU
		{E02AD468-057C-4CC0-8B50-F664FD5A031D}.Ad-Hoc|iPhone.Build.0 = Debug|Any CPU
		{E02AD468-057C-4CC0-8B50-F664FD5A031D}.Ad-Hoc|iPhoneSimulator.ActiveCfg = Debug|Any CPU
		{E02AD468-057C-4CC0-8B50-F664FD5A031D}.Ad-Hoc|iPhoneSimulator.Build.0 = Debug|Any CPU
		{E02AD468-057C-4CC0-8B50-F664FD5A031D}.Ad-Hoc|x64.ActiveCfg = Debug|Any CPU
		{E02AD468-057C-4CC0-8B50-F664FD5A031D}.Ad-Hoc|x64.Build.0 = Debug|Any CPU
		{E02AD468-057C-4CC0-8B50-F664FD5A031D}.Ad-Hoc|x86.ActiveCfg = Debug|Any CPU
		{E02AD468-057C-4CC0-8B50-F664FD5A031D}.Ad-Hoc|x86.Build.0 = Debug|Any CPU
		{E02AD468-057C-4CC0-8B50-F664FD5A031D}.AppStore|Any CPU.ActiveCfg = Debug|Any CPU
		{E02AD468-057C-4CC0-8B50-F664FD5A031D}.AppStore|Any CPU.Build.0 = Debug|Any CPU
		{E02AD468-057C-4CC0-8B50-F664FD5A031D}.AppStore|ARM.ActiveCfg = Debug|Any CPU
		{E02AD468-057C-4CC0-8B50-F664FD5A031D}.AppStore|ARM.Build.0 = Debug|Any CPU
		{E02AD468-057C-4CC0-8B50-F664FD5A031D}.AppStore|iPhone.ActiveCfg = Debug|Any CPU
		{E02AD468-057C-4CC0-8B50-F664FD5A031D}.AppStore|iPhone.Build.0 = Debug|Any CPU
		{E02AD468-057C-4CC0-8B50-F664FD5A031D}.AppStore|iPhoneSimulator.ActiveCfg = Debug|Any CPU
		{E02AD468-057C-4CC0-8B50-F664FD5A031D}.AppStore|iPhoneSimulator.Build.0 = Debug|Any CPU
		{E02AD468-057C-4CC0-8B50-F664FD5A031D}.AppStore|x64.ActiveCfg = Debug|Any CPU
		{E02AD468-057C-4CC0-8B50-F664FD5A031D}.AppStore|x64.Build.0 = Debug|Any CPU
		{E02AD468-057C-4CC0-8B50-F664FD5A031D}.AppStore|x86.ActiveCfg = Debug|Any CPU
		{E02AD468-057C-4CC0-8B50-F664FD5A031D}.AppStore|x86.Build.0 = Debug|Any CPU
		{E02AD468-057C-4CC0-8B50-F664FD5A031D}.Debug|Any CPU.ActiveCfg = Debug|Any CPU
		{E02AD468-057C-4CC0-8B50-F664FD5A031D}.Debug|Any CPU.Build.0 = Debug|Any CPU
		{E02AD468-057C-4CC0-8B50-F664FD5A031D}.Debug|ARM.ActiveCfg = Debug|Any CPU
		{E02AD468-057C-4CC0-8B50-F664FD5A031D}.Debug|ARM.Build.0 = Debug|Any CPU
		{E02AD468-057C-4CC0-8B50-F664FD5A031D}.Debug|iPhone.ActiveCfg = Debug|Any CPU
		{E02AD468-057C-4CC0-8B50-F664FD5A031D}.Debug|iPhone.Build.0 = Debug|Any CPU
		{E02AD468-057C-4CC0-8B50-F664FD5A031D}.Debug|iPhoneSimulator.ActiveCfg = Debug|Any CPU
		{E02AD468-057C-4CC0-8B50-F664FD5A031D}.Debug|iPhoneSimulator.Build.0 = Debug|Any CPU
		{E02AD468-057C-4CC0-8B50-F664FD5A031D}.Debug|x64.ActiveCfg = Debug|Any CPU
		{E02AD468-057C-4CC0-8B50-F664FD5A031D}.Debug|x64.Build.0 = Debug|Any CPU
		{E02AD468-057C-4CC0-8B50-F664FD5A031D}.Debug|x86.ActiveCfg = Debug|Any CPU
		{E02AD468-057C-4CC0-8B50-F664FD5A031D}.Debug|x86.Build.0 = Debug|Any CPU
		{E02AD468-057C-4CC0-8B50-F664FD5A031D}.Release|Any CPU.ActiveCfg = Release|Any CPU
		{E02AD468-057C-4CC0-8B50-F664FD5A031D}.Release|Any CPU.Build.0 = Release|Any CPU
		{E02AD468-057C-4CC0-8B50-F664FD5A031D}.Release|ARM.ActiveCfg = Release|Any CPU
		{E02AD468-057C-4CC0-8B50-F664FD5A031D}.Release|ARM.Build.0 = Release|Any CPU
		{E02AD468-057C-4CC0-8B50-F664FD5A031D}.Release|iPhone.ActiveCfg = Release|Any CPU
		{E02AD468-057C-4CC0-8B50-F664FD5A031D}.Release|iPhone.Build.0 = Release|Any CPU
		{E02AD468-057C-4CC0-8B50-F664FD5A031D}.Release|iPhoneSimulator.ActiveCfg = Release|Any CPU
		{E02AD468-057C-4CC0-8B50-F664FD5A031D}.Release|iPhoneSimulator.Build.0 = Release|Any CPU
		{E02AD468-057C-4CC0-8B50-F664FD5A031D}.Release|x64.ActiveCfg = Release|Any CPU
		{E02AD468-057C-4CC0-8B50-F664FD5A031D}.Release|x64.Build.0 = Release|Any CPU
		{E02AD468-057C-4CC0-8B50-F664FD5A031D}.Release|x86.ActiveCfg = Release|Any CPU
		{E02AD468-057C-4CC0-8B50-F664FD5A031D}.Release|x86.Build.0 = Release|Any CPU
//#if (HasAndroidProject)
		{B816CFD1-B3F7-4188-986F-402CC93A09EC}.Ad-Hoc|Any CPU.ActiveCfg = Release|Any CPU
		{B816CFD1-B3F7-4188-986F-402CC93A09EC}.Ad-Hoc|Any CPU.Build.0 = Release|Any CPU
		{B816CFD1-B3F7-4188-986F-402CC93A09EC}.Ad-Hoc|Any CPU.Deploy.0 = Release|Any CPU
		{B816CFD1-B3F7-4188-986F-402CC93A09EC}.Ad-Hoc|ARM.ActiveCfg = Release|Any CPU
		{B816CFD1-B3F7-4188-986F-402CC93A09EC}.Ad-Hoc|ARM.Build.0 = Release|Any CPU
		{B816CFD1-B3F7-4188-986F-402CC93A09EC}.Ad-Hoc|ARM.Deploy.0 = Release|Any CPU
		{B816CFD1-B3F7-4188-986F-402CC93A09EC}.Ad-Hoc|iPhone.ActiveCfg = Release|Any CPU
		{B816CFD1-B3F7-4188-986F-402CC93A09EC}.Ad-Hoc|iPhone.Build.0 = Release|Any CPU
		{B816CFD1-B3F7-4188-986F-402CC93A09EC}.Ad-Hoc|iPhone.Deploy.0 = Release|Any CPU
		{B816CFD1-B3F7-4188-986F-402CC93A09EC}.Ad-Hoc|iPhoneSimulator.ActiveCfg = Release|Any CPU
		{B816CFD1-B3F7-4188-986F-402CC93A09EC}.Ad-Hoc|iPhoneSimulator.Build.0 = Release|Any CPU
		{B816CFD1-B3F7-4188-986F-402CC93A09EC}.Ad-Hoc|iPhoneSimulator.Deploy.0 = Release|Any CPU
		{B816CFD1-B3F7-4188-986F-402CC93A09EC}.Ad-Hoc|x64.ActiveCfg = Release|Any CPU
		{B816CFD1-B3F7-4188-986F-402CC93A09EC}.Ad-Hoc|x64.Build.0 = Release|Any CPU
		{B816CFD1-B3F7-4188-986F-402CC93A09EC}.Ad-Hoc|x64.Deploy.0 = Release|Any CPU
		{B816CFD1-B3F7-4188-986F-402CC93A09EC}.Ad-Hoc|x86.ActiveCfg = Release|Any CPU
		{B816CFD1-B3F7-4188-986F-402CC93A09EC}.Ad-Hoc|x86.Build.0 = Release|Any CPU
		{B816CFD1-B3F7-4188-986F-402CC93A09EC}.Ad-Hoc|x86.Deploy.0 = Release|Any CPU
		{B816CFD1-B3F7-4188-986F-402CC93A09EC}.AppStore|Any CPU.ActiveCfg = Release|Any CPU
		{B816CFD1-B3F7-4188-986F-402CC93A09EC}.AppStore|Any CPU.Build.0 = Release|Any CPU
		{B816CFD1-B3F7-4188-986F-402CC93A09EC}.AppStore|Any CPU.Deploy.0 = Release|Any CPU
		{B816CFD1-B3F7-4188-986F-402CC93A09EC}.AppStore|ARM.ActiveCfg = Release|Any CPU
		{B816CFD1-B3F7-4188-986F-402CC93A09EC}.AppStore|ARM.Build.0 = Release|Any CPU
		{B816CFD1-B3F7-4188-986F-402CC93A09EC}.AppStore|ARM.Deploy.0 = Release|Any CPU
		{B816CFD1-B3F7-4188-986F-402CC93A09EC}.AppStore|iPhone.ActiveCfg = Release|Any CPU
		{B816CFD1-B3F7-4188-986F-402CC93A09EC}.AppStore|iPhone.Build.0 = Release|Any CPU
		{B816CFD1-B3F7-4188-986F-402CC93A09EC}.AppStore|iPhone.Deploy.0 = Release|Any CPU
		{B816CFD1-B3F7-4188-986F-402CC93A09EC}.AppStore|iPhoneSimulator.ActiveCfg = Release|Any CPU
		{B816CFD1-B3F7-4188-986F-402CC93A09EC}.AppStore|iPhoneSimulator.Build.0 = Release|Any CPU
		{B816CFD1-B3F7-4188-986F-402CC93A09EC}.AppStore|iPhoneSimulator.Deploy.0 = Release|Any CPU
		{B816CFD1-B3F7-4188-986F-402CC93A09EC}.AppStore|x64.ActiveCfg = Release|Any CPU
		{B816CFD1-B3F7-4188-986F-402CC93A09EC}.AppStore|x64.Build.0 = Release|Any CPU
		{B816CFD1-B3F7-4188-986F-402CC93A09EC}.AppStore|x64.Deploy.0 = Release|Any CPU
		{B816CFD1-B3F7-4188-986F-402CC93A09EC}.AppStore|x86.ActiveCfg = Release|Any CPU
		{B816CFD1-B3F7-4188-986F-402CC93A09EC}.AppStore|x86.Build.0 = Release|Any CPU
		{B816CFD1-B3F7-4188-986F-402CC93A09EC}.AppStore|x86.Deploy.0 = Release|Any CPU
		{B816CFD1-B3F7-4188-986F-402CC93A09EC}.Debug|Any CPU.ActiveCfg = Debug|Any CPU
		{B816CFD1-B3F7-4188-986F-402CC93A09EC}.Debug|Any CPU.Build.0 = Debug|Any CPU
		{B816CFD1-B3F7-4188-986F-402CC93A09EC}.Debug|Any CPU.Deploy.0 = Debug|Any CPU
		{B816CFD1-B3F7-4188-986F-402CC93A09EC}.Debug|ARM.ActiveCfg = Debug|Any CPU
		{B816CFD1-B3F7-4188-986F-402CC93A09EC}.Debug|ARM.Build.0 = Debug|Any CPU
		{B816CFD1-B3F7-4188-986F-402CC93A09EC}.Debug|ARM.Deploy.0 = Debug|Any CPU
		{B816CFD1-B3F7-4188-986F-402CC93A09EC}.Debug|iPhone.ActiveCfg = Debug|Any CPU
		{B816CFD1-B3F7-4188-986F-402CC93A09EC}.Debug|iPhone.Build.0 = Debug|Any CPU
		{B816CFD1-B3F7-4188-986F-402CC93A09EC}.Debug|iPhone.Deploy.0 = Debug|Any CPU
		{B816CFD1-B3F7-4188-986F-402CC93A09EC}.Debug|iPhoneSimulator.ActiveCfg = Debug|Any CPU
		{B816CFD1-B3F7-4188-986F-402CC93A09EC}.Debug|iPhoneSimulator.Build.0 = Debug|Any CPU
		{B816CFD1-B3F7-4188-986F-402CC93A09EC}.Debug|iPhoneSimulator.Deploy.0 = Debug|Any CPU
		{B816CFD1-B3F7-4188-986F-402CC93A09EC}.Debug|x64.ActiveCfg = Debug|Any CPU
		{B816CFD1-B3F7-4188-986F-402CC93A09EC}.Debug|x64.Build.0 = Debug|Any CPU
		{B816CFD1-B3F7-4188-986F-402CC93A09EC}.Debug|x64.Deploy.0 = Debug|Any CPU
		{B816CFD1-B3F7-4188-986F-402CC93A09EC}.Debug|x86.ActiveCfg = Debug|Any CPU
		{B816CFD1-B3F7-4188-986F-402CC93A09EC}.Debug|x86.Build.0 = Debug|Any CPU
		{B816CFD1-B3F7-4188-986F-402CC93A09EC}.Debug|x86.Deploy.0 = Debug|Any CPU
		{B816CFD1-B3F7-4188-986F-402CC93A09EC}.Release|Any CPU.ActiveCfg = Release|Any CPU
		{B816CFD1-B3F7-4188-986F-402CC93A09EC}.Release|Any CPU.Build.0 = Release|Any CPU
		{B816CFD1-B3F7-4188-986F-402CC93A09EC}.Release|Any CPU.Deploy.0 = Release|Any CPU
		{B816CFD1-B3F7-4188-986F-402CC93A09EC}.Release|ARM.ActiveCfg = Release|Any CPU
		{B816CFD1-B3F7-4188-986F-402CC93A09EC}.Release|ARM.Build.0 = Release|Any CPU
		{B816CFD1-B3F7-4188-986F-402CC93A09EC}.Release|ARM.Deploy.0 = Release|Any CPU
		{B816CFD1-B3F7-4188-986F-402CC93A09EC}.Release|iPhone.ActiveCfg = Release|Any CPU
		{B816CFD1-B3F7-4188-986F-402CC93A09EC}.Release|iPhone.Build.0 = Release|Any CPU
		{B816CFD1-B3F7-4188-986F-402CC93A09EC}.Release|iPhone.Deploy.0 = Release|Any CPU
		{B816CFD1-B3F7-4188-986F-402CC93A09EC}.Release|iPhoneSimulator.ActiveCfg = Release|Any CPU
		{B816CFD1-B3F7-4188-986F-402CC93A09EC}.Release|iPhoneSimulator.Build.0 = Release|Any CPU
		{B816CFD1-B3F7-4188-986F-402CC93A09EC}.Release|iPhoneSimulator.Deploy.0 = Release|Any CPU
		{B816CFD1-B3F7-4188-986F-402CC93A09EC}.Release|x64.ActiveCfg = Release|Any CPU
		{B816CFD1-B3F7-4188-986F-402CC93A09EC}.Release|x64.Build.0 = Release|Any CPU
		{B816CFD1-B3F7-4188-986F-402CC93A09EC}.Release|x64.Deploy.0 = Release|Any CPU
		{B816CFD1-B3F7-4188-986F-402CC93A09EC}.Release|x86.ActiveCfg = Release|Any CPU
		{B816CFD1-B3F7-4188-986F-402CC93A09EC}.Release|x86.Build.0 = Release|Any CPU
		{B816CFD1-B3F7-4188-986F-402CC93A09EC}.Release|x86.Deploy.0 = Release|Any CPU
//#endif
//#if (HasiOSProject)
		{3444E7FD-035D-4DEF-AD46-5E679938589F}.Ad-Hoc|Any CPU.ActiveCfg = Ad-Hoc|iPhone
		{3444E7FD-035D-4DEF-AD46-5E679938589F}.Ad-Hoc|ARM.ActiveCfg = Ad-Hoc|iPhone
		{3444E7FD-035D-4DEF-AD46-5E679938589F}.Ad-Hoc|iPhone.ActiveCfg = Ad-Hoc|iPhone
		{3444E7FD-035D-4DEF-AD46-5E679938589F}.Ad-Hoc|iPhone.Build.0 = Ad-Hoc|iPhone
		{3444E7FD-035D-4DEF-AD46-5E679938589F}.Ad-Hoc|iPhoneSimulator.ActiveCfg = Ad-Hoc|iPhoneSimulator
		{3444E7FD-035D-4DEF-AD46-5E679938589F}.Ad-Hoc|iPhoneSimulator.Build.0 = Ad-Hoc|iPhoneSimulator
		{3444E7FD-035D-4DEF-AD46-5E679938589F}.Ad-Hoc|x64.ActiveCfg = Ad-Hoc|iPhone
		{3444E7FD-035D-4DEF-AD46-5E679938589F}.Ad-Hoc|x86.ActiveCfg = Ad-Hoc|iPhone
		{3444E7FD-035D-4DEF-AD46-5E679938589F}.AppStore|Any CPU.ActiveCfg = AppStore|iPhone
		{3444E7FD-035D-4DEF-AD46-5E679938589F}.AppStore|ARM.ActiveCfg = AppStore|iPhone
		{3444E7FD-035D-4DEF-AD46-5E679938589F}.AppStore|iPhone.ActiveCfg = AppStore|iPhone
		{3444E7FD-035D-4DEF-AD46-5E679938589F}.AppStore|iPhone.Build.0 = AppStore|iPhone
		{3444E7FD-035D-4DEF-AD46-5E679938589F}.AppStore|iPhoneSimulator.ActiveCfg = AppStore|iPhoneSimulator
		{3444E7FD-035D-4DEF-AD46-5E679938589F}.AppStore|iPhoneSimulator.Build.0 = AppStore|iPhoneSimulator
		{3444E7FD-035D-4DEF-AD46-5E679938589F}.AppStore|x64.ActiveCfg = AppStore|iPhone
		{3444E7FD-035D-4DEF-AD46-5E679938589F}.AppStore|x86.ActiveCfg = AppStore|iPhone
		{3444E7FD-035D-4DEF-AD46-5E679938589F}.Debug|Any CPU.ActiveCfg = Debug|iPhone
		{3444E7FD-035D-4DEF-AD46-5E679938589F}.Debug|ARM.ActiveCfg = Debug|iPhone
		{3444E7FD-035D-4DEF-AD46-5E679938589F}.Debug|iPhone.ActiveCfg = Debug|iPhone
		{3444E7FD-035D-4DEF-AD46-5E679938589F}.Debug|iPhone.Build.0 = Debug|iPhone
		{3444E7FD-035D-4DEF-AD46-5E679938589F}.Debug|iPhoneSimulator.ActiveCfg = Debug|iPhoneSimulator
		{3444E7FD-035D-4DEF-AD46-5E679938589F}.Debug|iPhoneSimulator.Build.0 = Debug|iPhoneSimulator
		{3444E7FD-035D-4DEF-AD46-5E679938589F}.Debug|x64.ActiveCfg = Debug|iPhone
		{3444E7FD-035D-4DEF-AD46-5E679938589F}.Debug|x86.ActiveCfg = Debug|iPhone
		{3444E7FD-035D-4DEF-AD46-5E679938589F}.Release|Any CPU.ActiveCfg = Release|iPhone
		{3444E7FD-035D-4DEF-AD46-5E679938589F}.Release|ARM.ActiveCfg = Release|iPhone
		{3444E7FD-035D-4DEF-AD46-5E679938589F}.Release|iPhone.ActiveCfg = Release|iPhone
		{3444E7FD-035D-4DEF-AD46-5E679938589F}.Release|iPhone.Build.0 = Release|iPhone
		{3444E7FD-035D-4DEF-AD46-5E679938589F}.Release|iPhoneSimulator.ActiveCfg = Release|iPhoneSimulator
		{3444E7FD-035D-4DEF-AD46-5E679938589F}.Release|iPhoneSimulator.Build.0 = Release|iPhoneSimulator
		{3444E7FD-035D-4DEF-AD46-5E679938589F}.Release|x64.ActiveCfg = Release|iPhone
		{3444E7FD-035D-4DEF-AD46-5E679938589F}.Release|x86.ActiveCfg = Release|iPhone
//#endif
//#if (HasUWPProject)
		{C387803D-EAD4-417E-A1FE-A8F81A79ADEA}.Ad-Hoc|Any CPU.ActiveCfg = Release|x86
		{C387803D-EAD4-417E-A1FE-A8F81A79ADEA}.Ad-Hoc|Any CPU.Build.0 = Release|x86
		{C387803D-EAD4-417E-A1FE-A8F81A79ADEA}.Ad-Hoc|Any CPU.Deploy.0 = Release|x86
		{C387803D-EAD4-417E-A1FE-A8F81A79ADEA}.Ad-Hoc|ARM.ActiveCfg = Release|ARM
		{C387803D-EAD4-417E-A1FE-A8F81A79ADEA}.Ad-Hoc|ARM.Build.0 = Release|ARM
		{C387803D-EAD4-417E-A1FE-A8F81A79ADEA}.Ad-Hoc|ARM.Deploy.0 = Release|ARM
		{C387803D-EAD4-417E-A1FE-A8F81A79ADEA}.Ad-Hoc|iPhone.ActiveCfg = Release|x86
		{C387803D-EAD4-417E-A1FE-A8F81A79ADEA}.Ad-Hoc|iPhone.Build.0 = Release|x86
		{C387803D-EAD4-417E-A1FE-A8F81A79ADEA}.Ad-Hoc|iPhone.Deploy.0 = Release|x86
		{C387803D-EAD4-417E-A1FE-A8F81A79ADEA}.Ad-Hoc|iPhoneSimulator.ActiveCfg = Release|x86
		{C387803D-EAD4-417E-A1FE-A8F81A79ADEA}.Ad-Hoc|iPhoneSimulator.Build.0 = Release|x86
		{C387803D-EAD4-417E-A1FE-A8F81A79ADEA}.Ad-Hoc|iPhoneSimulator.Deploy.0 = Release|x86
		{C387803D-EAD4-417E-A1FE-A8F81A79ADEA}.Ad-Hoc|x64.ActiveCfg = Release|x64
		{C387803D-EAD4-417E-A1FE-A8F81A79ADEA}.Ad-Hoc|x64.Build.0 = Release|x64
		{C387803D-EAD4-417E-A1FE-A8F81A79ADEA}.Ad-Hoc|x64.Deploy.0 = Release|x64
		{C387803D-EAD4-417E-A1FE-A8F81A79ADEA}.Ad-Hoc|x86.ActiveCfg = Release|x86
		{C387803D-EAD4-417E-A1FE-A8F81A79ADEA}.Ad-Hoc|x86.Build.0 = Release|x86
		{C387803D-EAD4-417E-A1FE-A8F81A79ADEA}.Ad-Hoc|x86.Deploy.0 = Release|x86
		{C387803D-EAD4-417E-A1FE-A8F81A79ADEA}.AppStore|Any CPU.ActiveCfg = Release|x86
		{C387803D-EAD4-417E-A1FE-A8F81A79ADEA}.AppStore|Any CPU.Build.0 = Release|x86
		{C387803D-EAD4-417E-A1FE-A8F81A79ADEA}.AppStore|Any CPU.Deploy.0 = Release|x86
		{C387803D-EAD4-417E-A1FE-A8F81A79ADEA}.AppStore|ARM.ActiveCfg = Release|ARM
		{C387803D-EAD4-417E-A1FE-A8F81A79ADEA}.AppStore|ARM.Build.0 = Release|ARM
		{C387803D-EAD4-417E-A1FE-A8F81A79ADEA}.AppStore|ARM.Deploy.0 = Release|ARM
		{C387803D-EAD4-417E-A1FE-A8F81A79ADEA}.AppStore|iPhone.ActiveCfg = Release|x86
		{C387803D-EAD4-417E-A1FE-A8F81A79ADEA}.AppStore|iPhone.Build.0 = Release|x86
		{C387803D-EAD4-417E-A1FE-A8F81A79ADEA}.AppStore|iPhone.Deploy.0 = Release|x86
		{C387803D-EAD4-417E-A1FE-A8F81A79ADEA}.AppStore|iPhoneSimulator.ActiveCfg = Release|x86
		{C387803D-EAD4-417E-A1FE-A8F81A79ADEA}.AppStore|iPhoneSimulator.Build.0 = Release|x86
		{C387803D-EAD4-417E-A1FE-A8F81A79ADEA}.AppStore|iPhoneSimulator.Deploy.0 = Release|x86
		{C387803D-EAD4-417E-A1FE-A8F81A79ADEA}.AppStore|x64.ActiveCfg = Release|x64
		{C387803D-EAD4-417E-A1FE-A8F81A79ADEA}.AppStore|x64.Build.0 = Release|x64
		{C387803D-EAD4-417E-A1FE-A8F81A79ADEA}.AppStore|x64.Deploy.0 = Release|x64
		{C387803D-EAD4-417E-A1FE-A8F81A79ADEA}.AppStore|x86.ActiveCfg = Release|x86
		{C387803D-EAD4-417E-A1FE-A8F81A79ADEA}.AppStore|x86.Build.0 = Release|x86
		{C387803D-EAD4-417E-A1FE-A8F81A79ADEA}.AppStore|x86.Deploy.0 = Release|x86
		{C387803D-EAD4-417E-A1FE-A8F81A79ADEA}.Debug|Any CPU.ActiveCfg = Debug|x86
		{C387803D-EAD4-417E-A1FE-A8F81A79ADEA}.Debug|ARM.ActiveCfg = Debug|ARM
		{C387803D-EAD4-417E-A1FE-A8F81A79ADEA}.Debug|ARM.Build.0 = Debug|ARM
		{C387803D-EAD4-417E-A1FE-A8F81A79ADEA}.Debug|ARM.Deploy.0 = Debug|ARM
		{C387803D-EAD4-417E-A1FE-A8F81A79ADEA}.Debug|iPhone.ActiveCfg = Debug|x86
		{C387803D-EAD4-417E-A1FE-A8F81A79ADEA}.Debug|iPhoneSimulator.ActiveCfg = Debug|x86
		{C387803D-EAD4-417E-A1FE-A8F81A79ADEA}.Debug|x64.ActiveCfg = Debug|x64
		{C387803D-EAD4-417E-A1FE-A8F81A79ADEA}.Debug|x64.Build.0 = Debug|x64
		{C387803D-EAD4-417E-A1FE-A8F81A79ADEA}.Debug|x64.Deploy.0 = Debug|x64
		{C387803D-EAD4-417E-A1FE-A8F81A79ADEA}.Debug|x86.ActiveCfg = Debug|x86
		{C387803D-EAD4-417E-A1FE-A8F81A79ADEA}.Debug|x86.Build.0 = Debug|x86
		{C387803D-EAD4-417E-A1FE-A8F81A79ADEA}.Debug|x86.Deploy.0 = Debug|x86
		{C387803D-EAD4-417E-A1FE-A8F81A79ADEA}.Release|Any CPU.ActiveCfg = Release|x86
		{C387803D-EAD4-417E-A1FE-A8F81A79ADEA}.Release|ARM.ActiveCfg = Release|ARM
		{C387803D-EAD4-417E-A1FE-A8F81A79ADEA}.Release|ARM.Build.0 = Release|ARM
		{C387803D-EAD4-417E-A1FE-A8F81A79ADEA}.Release|ARM.Deploy.0 = Release|ARM
		{C387803D-EAD4-417E-A1FE-A8F81A79ADEA}.Release|iPhone.ActiveCfg = Release|x86
		{C387803D-EAD4-417E-A1FE-A8F81A79ADEA}.Release|iPhoneSimulator.ActiveCfg = Release|x86
		{C387803D-EAD4-417E-A1FE-A8F81A79ADEA}.Release|x64.ActiveCfg = Release|x64
		{C387803D-EAD4-417E-A1FE-A8F81A79ADEA}.Release|x64.Build.0 = Release|x64
		{C387803D-EAD4-417E-A1FE-A8F81A79ADEA}.Release|x64.Deploy.0 = Release|x64
		{C387803D-EAD4-417E-A1FE-A8F81A79ADEA}.Release|x86.ActiveCfg = Release|x86
		{C387803D-EAD4-417E-A1FE-A8F81A79ADEA}.Release|x86.Build.0 = Release|x86
		{C387803D-EAD4-417E-A1FE-A8F81A79ADEA}.Release|x86.Deploy.0 = Release|x86
//#endif
	EndGlobalSection
	GlobalSection(SolutionProperties) = preSolution
		HideSolutionNode = FALSE
	EndGlobalSection
	GlobalSection(ExtensibilityGlobals) = postSolution
		SolutionGuid = {1650E742-2D5F-44C4-A42E-14B7AC4C6030}
	EndGlobalSection
EndGlobal
