
Microsoft Visual Studio Solution File, Format Version 12.00
# Visual Studio 15
VisualStudioVersion = 15.0.27130.2010
MinimumVisualStudioVersion = 10.0.40219.1
Project("{9A19103F-16F7-4668-BE54-9A1E7A4F7556}") = "MvxNative.Core", "src\MvxNative.Core\MvxNative.Core.csproj", "{59A93A2E-C3BD-457C-860C-FE8140E36C66}"
EndProject
//#if (HasAndroidProject)
Project("{FAE04EC0-301F-11D3-BF4B-00C04F79EFBC}") = "MvxNative.Droid", "src\MvxNative.Droid\MvxNative.Droid.csproj", "{F4F67AC0-86F3-4024-A943-0CF49B8E93BA}"
EndProject
//#endif
//#if (HasiOSProject)
Project("{FAE04EC0-301F-11D3-BF4B-00C04F79EFBC}") = "MvxNative.iOS", "src\MvxNative.iOS\MvxNative.iOS.csproj", "{4E00CCF2-5D4E-415F-AE06-291965E1822E}"
EndProject
//#endif
//#if (HasUWPProject)
Project("{FAE04EC0-301F-11D3-BF4B-00C04F79EFBC}") = "MvxNative.UWP", "src\MvxNative.UWP\MvxNative.UWP.csproj", "{4EDF7269-9680-47BB-A278-FB446F65E3C9}"
EndProject
//#endif
//#if (HasCoreTestProject)
Project("{9A19103F-16F7-4668-BE54-9A1E7A4F7556}") = "Test.Core.Test", "test\Test.Core.Test\Test.Core.Test.csproj", "{B307EDDE-CD04-4EF2-8926-A7455E9CD498}"
EndProject
//#endif
//#if (HasEditorConfig)
Project("{2150E333-8FDC-42A3-9474-1A3956D46DE8}") = "!Solution Items", "!Solution Items", "{5F58BD22-D035-4E3C-BEBA-E4A55F151E5C}"
	ProjectSection(SolutionItems) = preProject
		.editorconfig = .editorconfig
	EndProjectSection
EndProject
//#endif
Global
	GlobalSection(SolutionConfigurationPlatforms) = preSolution
		Ad-Hoc|Any CPU = Ad-Hoc|Any CPU
		Ad-Hoc|ARM = Ad-Hoc|ARM
		Ad-Hoc|iPhone = Ad-Hoc|iPhone
		Ad-Hoc|iPhoneSimulator = Ad-Hoc|iPhoneSimulator
		Ad-Hoc|x64 = Ad-Hoc|x64
		Ad-Hoc|x86 = Ad-Hoc|x86
		AppStore|Any CPU = AppStore|Any CPU
		AppStore|ARM = AppStore|ARM
		AppStore|iPhone = AppStore|iPhone
		AppStore|iPhoneSimulator = AppStore|iPhoneSimulator
		AppStore|x64 = AppStore|x64
		AppStore|x86 = AppStore|x86
		Debug|Any CPU = Debug|Any CPU
		Debug|ARM = Debug|ARM
		Debug|iPhone = Debug|iPhone
		Debug|iPhoneSimulator = Debug|iPhoneSimulator
		Debug|x64 = Debug|x64
		Debug|x86 = Debug|x86
		Release|Any CPU = Release|Any CPU
		Release|ARM = Release|ARM
		Release|iPhone = Release|iPhone
		Release|iPhoneSimulator = Release|iPhoneSimulator
		Release|x64 = Release|x64
		Release|x86 = Release|x86
	EndGlobalSection
	GlobalSection(ProjectConfigurationPlatforms) = postSolution
		{59A93A2E-C3BD-457C-860C-FE8140E36C66}.Ad-Hoc|Any CPU.ActiveCfg = Debug|Any CPU
		{59A93A2E-C3BD-457C-860C-FE8140E36C66}.Ad-Hoc|Any CPU.Build.0 = Debug|Any CPU
		{59A93A2E-C3BD-457C-860C-FE8140E36C66}.Ad-Hoc|ARM.ActiveCfg = Debug|Any CPU
		{59A93A2E-C3BD-457C-860C-FE8140E36C66}.Ad-Hoc|ARM.Build.0 = Debug|Any CPU
		{59A93A2E-C3BD-457C-860C-FE8140E36C66}.Ad-Hoc|iPhone.ActiveCfg = Debug|Any CPU
		{59A93A2E-C3BD-457C-860C-FE8140E36C66}.Ad-Hoc|iPhone.Build.0 = Debug|Any CPU
		{59A93A2E-C3BD-457C-860C-FE8140E36C66}.Ad-Hoc|iPhoneSimulator.ActiveCfg = Debug|Any CPU
		{59A93A2E-C3BD-457C-860C-FE8140E36C66}.Ad-Hoc|iPhoneSimulator.Build.0 = Debug|Any CPU
		{59A93A2E-C3BD-457C-860C-FE8140E36C66}.Ad-Hoc|x64.ActiveCfg = Debug|Any CPU
		{59A93A2E-C3BD-457C-860C-FE8140E36C66}.Ad-Hoc|x64.Build.0 = Debug|Any CPU
		{59A93A2E-C3BD-457C-860C-FE8140E36C66}.Ad-Hoc|x86.ActiveCfg = Debug|Any CPU
		{59A93A2E-C3BD-457C-860C-FE8140E36C66}.Ad-Hoc|x86.Build.0 = Debug|Any CPU
		{59A93A2E-C3BD-457C-860C-FE8140E36C66}.AppStore|Any CPU.ActiveCfg = Debug|Any CPU
		{59A93A2E-C3BD-457C-860C-FE8140E36C66}.AppStore|Any CPU.Build.0 = Debug|Any CPU
		{59A93A2E-C3BD-457C-860C-FE8140E36C66}.AppStore|ARM.ActiveCfg = Debug|Any CPU
		{59A93A2E-C3BD-457C-860C-FE8140E36C66}.AppStore|ARM.Build.0 = Debug|Any CPU
		{59A93A2E-C3BD-457C-860C-FE8140E36C66}.AppStore|iPhone.ActiveCfg = Debug|Any CPU
		{59A93A2E-C3BD-457C-860C-FE8140E36C66}.AppStore|iPhone.Build.0 = Debug|Any CPU
		{59A93A2E-C3BD-457C-860C-FE8140E36C66}.AppStore|iPhoneSimulator.ActiveCfg = Debug|Any CPU
		{59A93A2E-C3BD-457C-860C-FE8140E36C66}.AppStore|iPhoneSimulator.Build.0 = Debug|Any CPU
		{59A93A2E-C3BD-457C-860C-FE8140E36C66}.AppStore|x64.ActiveCfg = Debug|Any CPU
		{59A93A2E-C3BD-457C-860C-FE8140E36C66}.AppStore|x64.Build.0 = Debug|Any CPU
		{59A93A2E-C3BD-457C-860C-FE8140E36C66}.AppStore|x86.ActiveCfg = Debug|Any CPU
		{59A93A2E-C3BD-457C-860C-FE8140E36C66}.AppStore|x86.Build.0 = Debug|Any CPU
		{59A93A2E-C3BD-457C-860C-FE8140E36C66}.Debug|Any CPU.ActiveCfg = Debug|Any CPU
		{59A93A2E-C3BD-457C-860C-FE8140E36C66}.Debug|Any CPU.Build.0 = Debug|Any CPU
		{59A93A2E-C3BD-457C-860C-FE8140E36C66}.Debug|ARM.ActiveCfg = Debug|Any CPU
		{59A93A2E-C3BD-457C-860C-FE8140E36C66}.Debug|ARM.Build.0 = Debug|Any CPU
		{59A93A2E-C3BD-457C-860C-FE8140E36C66}.Debug|iPhone.ActiveCfg = Debug|Any CPU
		{59A93A2E-C3BD-457C-860C-FE8140E36C66}.Debug|iPhone.Build.0 = Debug|Any CPU
		{59A93A2E-C3BD-457C-860C-FE8140E36C66}.Debug|iPhoneSimulator.ActiveCfg = Debug|Any CPU
		{59A93A2E-C3BD-457C-860C-FE8140E36C66}.Debug|iPhoneSimulator.Build.0 = Debug|Any CPU
		{59A93A2E-C3BD-457C-860C-FE8140E36C66}.Debug|x64.ActiveCfg = Debug|Any CPU
		{59A93A2E-C3BD-457C-860C-FE8140E36C66}.Debug|x64.Build.0 = Debug|Any CPU
		{59A93A2E-C3BD-457C-860C-FE8140E36C66}.Debug|x86.ActiveCfg = Debug|Any CPU
		{59A93A2E-C3BD-457C-860C-FE8140E36C66}.Debug|x86.Build.0 = Debug|Any CPU
		{59A93A2E-C3BD-457C-860C-FE8140E36C66}.Release|Any CPU.ActiveCfg = Release|Any CPU
		{59A93A2E-C3BD-457C-860C-FE8140E36C66}.Release|Any CPU.Build.0 = Release|Any CPU
		{59A93A2E-C3BD-457C-860C-FE8140E36C66}.Release|ARM.ActiveCfg = Release|Any CPU
		{59A93A2E-C3BD-457C-860C-FE8140E36C66}.Release|ARM.Build.0 = Release|Any CPU
		{59A93A2E-C3BD-457C-860C-FE8140E36C66}.Release|iPhone.ActiveCfg = Release|Any CPU
		{59A93A2E-C3BD-457C-860C-FE8140E36C66}.Release|iPhone.Build.0 = Release|Any CPU
		{59A93A2E-C3BD-457C-860C-FE8140E36C66}.Release|iPhoneSimulator.ActiveCfg = Release|Any CPU
		{59A93A2E-C3BD-457C-860C-FE8140E36C66}.Release|iPhoneSimulator.Build.0 = Release|Any CPU
		{59A93A2E-C3BD-457C-860C-FE8140E36C66}.Release|x64.ActiveCfg = Release|Any CPU
		{59A93A2E-C3BD-457C-860C-FE8140E36C66}.Release|x64.Build.0 = Release|Any CPU
		{59A93A2E-C3BD-457C-860C-FE8140E36C66}.Release|x86.ActiveCfg = Release|Any CPU
		{59A93A2E-C3BD-457C-860C-FE8140E36C66}.Release|x86.Build.0 = Release|Any CPU
//#if (HasAndroidProject)
		{F4F67AC0-86F3-4024-A943-0CF49B8E93BA}.Ad-Hoc|Any CPU.ActiveCfg = Release|Any CPU
		{F4F67AC0-86F3-4024-A943-0CF49B8E93BA}.Ad-Hoc|Any CPU.Build.0 = Release|Any CPU
		{F4F67AC0-86F3-4024-A943-0CF49B8E93BA}.Ad-Hoc|Any CPU.Deploy.0 = Release|Any CPU
		{F4F67AC0-86F3-4024-A943-0CF49B8E93BA}.Ad-Hoc|ARM.ActiveCfg = Release|Any CPU
		{F4F67AC0-86F3-4024-A943-0CF49B8E93BA}.Ad-Hoc|ARM.Build.0 = Release|Any CPU
		{F4F67AC0-86F3-4024-A943-0CF49B8E93BA}.Ad-Hoc|ARM.Deploy.0 = Release|Any CPU
		{F4F67AC0-86F3-4024-A943-0CF49B8E93BA}.Ad-Hoc|iPhone.ActiveCfg = Release|Any CPU
		{F4F67AC0-86F3-4024-A943-0CF49B8E93BA}.Ad-Hoc|iPhone.Build.0 = Release|Any CPU
		{F4F67AC0-86F3-4024-A943-0CF49B8E93BA}.Ad-Hoc|iPhone.Deploy.0 = Release|Any CPU
		{F4F67AC0-86F3-4024-A943-0CF49B8E93BA}.Ad-Hoc|iPhoneSimulator.ActiveCfg = Release|Any CPU
		{F4F67AC0-86F3-4024-A943-0CF49B8E93BA}.Ad-Hoc|iPhoneSimulator.Build.0 = Release|Any CPU
		{F4F67AC0-86F3-4024-A943-0CF49B8E93BA}.Ad-Hoc|iPhoneSimulator.Deploy.0 = Release|Any CPU
		{F4F67AC0-86F3-4024-A943-0CF49B8E93BA}.Ad-Hoc|x64.ActiveCfg = Release|Any CPU
		{F4F67AC0-86F3-4024-A943-0CF49B8E93BA}.Ad-Hoc|x64.Build.0 = Release|Any CPU
		{F4F67AC0-86F3-4024-A943-0CF49B8E93BA}.Ad-Hoc|x64.Deploy.0 = Release|Any CPU
		{F4F67AC0-86F3-4024-A943-0CF49B8E93BA}.Ad-Hoc|x86.ActiveCfg = Release|Any CPU
		{F4F67AC0-86F3-4024-A943-0CF49B8E93BA}.Ad-Hoc|x86.Build.0 = Release|Any CPU
		{F4F67AC0-86F3-4024-A943-0CF49B8E93BA}.Ad-Hoc|x86.Deploy.0 = Release|Any CPU
		{F4F67AC0-86F3-4024-A943-0CF49B8E93BA}.AppStore|Any CPU.ActiveCfg = Release|Any CPU
		{F4F67AC0-86F3-4024-A943-0CF49B8E93BA}.AppStore|Any CPU.Build.0 = Release|Any CPU
		{F4F67AC0-86F3-4024-A943-0CF49B8E93BA}.AppStore|Any CPU.Deploy.0 = Release|Any CPU
		{F4F67AC0-86F3-4024-A943-0CF49B8E93BA}.AppStore|ARM.ActiveCfg = Release|Any CPU
		{F4F67AC0-86F3-4024-A943-0CF49B8E93BA}.AppStore|ARM.Build.0 = Release|Any CPU
		{F4F67AC0-86F3-4024-A943-0CF49B8E93BA}.AppStore|ARM.Deploy.0 = Release|Any CPU
		{F4F67AC0-86F3-4024-A943-0CF49B8E93BA}.AppStore|iPhone.ActiveCfg = Release|Any CPU
		{F4F67AC0-86F3-4024-A943-0CF49B8E93BA}.AppStore|iPhone.Build.0 = Release|Any CPU
		{F4F67AC0-86F3-4024-A943-0CF49B8E93BA}.AppStore|iPhone.Deploy.0 = Release|Any CPU
		{F4F67AC0-86F3-4024-A943-0CF49B8E93BA}.AppStore|iPhoneSimulator.ActiveCfg = Release|Any CPU
		{F4F67AC0-86F3-4024-A943-0CF49B8E93BA}.AppStore|iPhoneSimulator.Build.0 = Release|Any CPU
		{F4F67AC0-86F3-4024-A943-0CF49B8E93BA}.AppStore|iPhoneSimulator.Deploy.0 = Release|Any CPU
		{F4F67AC0-86F3-4024-A943-0CF49B8E93BA}.AppStore|x64.ActiveCfg = Release|Any CPU
		{F4F67AC0-86F3-4024-A943-0CF49B8E93BA}.AppStore|x64.Build.0 = Release|Any CPU
		{F4F67AC0-86F3-4024-A943-0CF49B8E93BA}.AppStore|x64.Deploy.0 = Release|Any CPU
		{F4F67AC0-86F3-4024-A943-0CF49B8E93BA}.AppStore|x86.ActiveCfg = Release|Any CPU
		{F4F67AC0-86F3-4024-A943-0CF49B8E93BA}.AppStore|x86.Build.0 = Release|Any CPU
		{F4F67AC0-86F3-4024-A943-0CF49B8E93BA}.AppStore|x86.Deploy.0 = Release|Any CPU
		{F4F67AC0-86F3-4024-A943-0CF49B8E93BA}.Debug|Any CPU.ActiveCfg = Debug|Any CPU
		{F4F67AC0-86F3-4024-A943-0CF49B8E93BA}.Debug|Any CPU.Build.0 = Debug|Any CPU
		{F4F67AC0-86F3-4024-A943-0CF49B8E93BA}.Debug|Any CPU.Deploy.0 = Debug|Any CPU
		{F4F67AC0-86F3-4024-A943-0CF49B8E93BA}.Debug|ARM.ActiveCfg = Debug|Any CPU
		{F4F67AC0-86F3-4024-A943-0CF49B8E93BA}.Debug|ARM.Build.0 = Debug|Any CPU
		{F4F67AC0-86F3-4024-A943-0CF49B8E93BA}.Debug|ARM.Deploy.0 = Debug|Any CPU
		{F4F67AC0-86F3-4024-A943-0CF49B8E93BA}.Debug|iPhone.ActiveCfg = Debug|Any CPU
		{F4F67AC0-86F3-4024-A943-0CF49B8E93BA}.Debug|iPhone.Build.0 = Debug|Any CPU
		{F4F67AC0-86F3-4024-A943-0CF49B8E93BA}.Debug|iPhone.Deploy.0 = Debug|Any CPU
		{F4F67AC0-86F3-4024-A943-0CF49B8E93BA}.Debug|iPhoneSimulator.ActiveCfg = Debug|Any CPU
		{F4F67AC0-86F3-4024-A943-0CF49B8E93BA}.Debug|iPhoneSimulator.Build.0 = Debug|Any CPU
		{F4F67AC0-86F3-4024-A943-0CF49B8E93BA}.Debug|iPhoneSimulator.Deploy.0 = Debug|Any CPU
		{F4F67AC0-86F3-4024-A943-0CF49B8E93BA}.Debug|x64.ActiveCfg = Debug|Any CPU
		{F4F67AC0-86F3-4024-A943-0CF49B8E93BA}.Debug|x64.Build.0 = Debug|Any CPU
		{F4F67AC0-86F3-4024-A943-0CF49B8E93BA}.Debug|x64.Deploy.0 = Debug|Any CPU
		{F4F67AC0-86F3-4024-A943-0CF49B8E93BA}.Debug|x86.ActiveCfg = Debug|Any CPU
		{F4F67AC0-86F3-4024-A943-0CF49B8E93BA}.Debug|x86.Build.0 = Debug|Any CPU
		{F4F67AC0-86F3-4024-A943-0CF49B8E93BA}.Debug|x86.Deploy.0 = Debug|Any CPU
		{F4F67AC0-86F3-4024-A943-0CF49B8E93BA}.Release|Any CPU.ActiveCfg = Release|Any CPU
		{F4F67AC0-86F3-4024-A943-0CF49B8E93BA}.Release|Any CPU.Build.0 = Release|Any CPU
		{F4F67AC0-86F3-4024-A943-0CF49B8E93BA}.Release|Any CPU.Deploy.0 = Release|Any CPU
		{F4F67AC0-86F3-4024-A943-0CF49B8E93BA}.Release|ARM.ActiveCfg = Release|Any CPU
		{F4F67AC0-86F3-4024-A943-0CF49B8E93BA}.Release|ARM.Build.0 = Release|Any CPU
		{F4F67AC0-86F3-4024-A943-0CF49B8E93BA}.Release|ARM.Deploy.0 = Release|Any CPU
		{F4F67AC0-86F3-4024-A943-0CF49B8E93BA}.Release|iPhone.ActiveCfg = Release|Any CPU
		{F4F67AC0-86F3-4024-A943-0CF49B8E93BA}.Release|iPhone.Build.0 = Release|Any CPU
		{F4F67AC0-86F3-4024-A943-0CF49B8E93BA}.Release|iPhone.Deploy.0 = Release|Any CPU
		{F4F67AC0-86F3-4024-A943-0CF49B8E93BA}.Release|iPhoneSimulator.ActiveCfg = Release|Any CPU
		{F4F67AC0-86F3-4024-A943-0CF49B8E93BA}.Release|iPhoneSimulator.Build.0 = Release|Any CPU
		{F4F67AC0-86F3-4024-A943-0CF49B8E93BA}.Release|iPhoneSimulator.Deploy.0 = Release|Any CPU
		{F4F67AC0-86F3-4024-A943-0CF49B8E93BA}.Release|x64.ActiveCfg = Release|Any CPU
		{F4F67AC0-86F3-4024-A943-0CF49B8E93BA}.Release|x64.Build.0 = Release|Any CPU
		{F4F67AC0-86F3-4024-A943-0CF49B8E93BA}.Release|x64.Deploy.0 = Release|Any CPU
		{F4F67AC0-86F3-4024-A943-0CF49B8E93BA}.Release|x86.ActiveCfg = Release|Any CPU
		{F4F67AC0-86F3-4024-A943-0CF49B8E93BA}.Release|x86.Build.0 = Release|Any CPU
		{F4F67AC0-86F3-4024-A943-0CF49B8E93BA}.Release|x86.Deploy.0 = Release|Any CPU
//#endif
//#if (HasiOSProject)
		{4E00CCF2-5D4E-415F-AE06-291965E1822E}.Ad-Hoc|Any CPU.ActiveCfg = Ad-Hoc|iPhone
		{4E00CCF2-5D4E-415F-AE06-291965E1822E}.Ad-Hoc|ARM.ActiveCfg = Ad-Hoc|iPhone
		{4E00CCF2-5D4E-415F-AE06-291965E1822E}.Ad-Hoc|iPhone.ActiveCfg = Ad-Hoc|iPhone
		{4E00CCF2-5D4E-415F-AE06-291965E1822E}.Ad-Hoc|iPhone.Build.0 = Ad-Hoc|iPhone
		{4E00CCF2-5D4E-415F-AE06-291965E1822E}.Ad-Hoc|iPhoneSimulator.ActiveCfg = Ad-Hoc|iPhoneSimulator
		{4E00CCF2-5D4E-415F-AE06-291965E1822E}.Ad-Hoc|iPhoneSimulator.Build.0 = Ad-Hoc|iPhoneSimulator
		{4E00CCF2-5D4E-415F-AE06-291965E1822E}.Ad-Hoc|x64.ActiveCfg = Ad-Hoc|iPhone
		{4E00CCF2-5D4E-415F-AE06-291965E1822E}.Ad-Hoc|x86.ActiveCfg = Ad-Hoc|iPhone
		{4E00CCF2-5D4E-415F-AE06-291965E1822E}.AppStore|Any CPU.ActiveCfg = AppStore|iPhone
		{4E00CCF2-5D4E-415F-AE06-291965E1822E}.AppStore|ARM.ActiveCfg = AppStore|iPhone
		{4E00CCF2-5D4E-415F-AE06-291965E1822E}.AppStore|iPhone.ActiveCfg = AppStore|iPhone
		{4E00CCF2-5D4E-415F-AE06-291965E1822E}.AppStore|iPhone.Build.0 = AppStore|iPhone
		{4E00CCF2-5D4E-415F-AE06-291965E1822E}.AppStore|iPhoneSimulator.ActiveCfg = AppStore|iPhoneSimulator
		{4E00CCF2-5D4E-415F-AE06-291965E1822E}.AppStore|iPhoneSimulator.Build.0 = AppStore|iPhoneSimulator
		{4E00CCF2-5D4E-415F-AE06-291965E1822E}.AppStore|x64.ActiveCfg = AppStore|iPhone
		{4E00CCF2-5D4E-415F-AE06-291965E1822E}.AppStore|x86.ActiveCfg = AppStore|iPhone
		{4E00CCF2-5D4E-415F-AE06-291965E1822E}.Debug|Any CPU.ActiveCfg = Debug|iPhone
		{4E00CCF2-5D4E-415F-AE06-291965E1822E}.Debug|ARM.ActiveCfg = Debug|iPhone
		{4E00CCF2-5D4E-415F-AE06-291965E1822E}.Debug|iPhone.ActiveCfg = Debug|iPhone
		{4E00CCF2-5D4E-415F-AE06-291965E1822E}.Debug|iPhone.Build.0 = Debug|iPhone
		{4E00CCF2-5D4E-415F-AE06-291965E1822E}.Debug|iPhoneSimulator.ActiveCfg = Debug|iPhoneSimulator
		{4E00CCF2-5D4E-415F-AE06-291965E1822E}.Debug|iPhoneSimulator.Build.0 = Debug|iPhoneSimulator
		{4E00CCF2-5D4E-415F-AE06-291965E1822E}.Debug|x64.ActiveCfg = Debug|iPhone
		{4E00CCF2-5D4E-415F-AE06-291965E1822E}.Debug|x86.ActiveCfg = Debug|iPhone
		{4E00CCF2-5D4E-415F-AE06-291965E1822E}.Release|Any CPU.ActiveCfg = Release|iPhone
		{4E00CCF2-5D4E-415F-AE06-291965E1822E}.Release|ARM.ActiveCfg = Release|iPhone
		{4E00CCF2-5D4E-415F-AE06-291965E1822E}.Release|iPhone.ActiveCfg = Release|iPhone
		{4E00CCF2-5D4E-415F-AE06-291965E1822E}.Release|iPhone.Build.0 = Release|iPhone
		{4E00CCF2-5D4E-415F-AE06-291965E1822E}.Release|iPhoneSimulator.ActiveCfg = Release|iPhoneSimulator
		{4E00CCF2-5D4E-415F-AE06-291965E1822E}.Release|iPhoneSimulator.Build.0 = Release|iPhoneSimulator
		{4E00CCF2-5D4E-415F-AE06-291965E1822E}.Release|x64.ActiveCfg = Release|iPhone
		{4E00CCF2-5D4E-415F-AE06-291965E1822E}.Release|x86.ActiveCfg = Release|iPhone
//#endif
//#if (HasUWPProject)
		{4EDF7269-9680-47BB-A278-FB446F65E3C9}.Ad-Hoc|Any CPU.ActiveCfg = Release|x64
		{4EDF7269-9680-47BB-A278-FB446F65E3C9}.Ad-Hoc|Any CPU.Build.0 = Release|x64
		{4EDF7269-9680-47BB-A278-FB446F65E3C9}.Ad-Hoc|Any CPU.Deploy.0 = Release|x64
		{4EDF7269-9680-47BB-A278-FB446F65E3C9}.Ad-Hoc|ARM.ActiveCfg = Release|ARM
		{4EDF7269-9680-47BB-A278-FB446F65E3C9}.Ad-Hoc|ARM.Build.0 = Release|ARM
		{4EDF7269-9680-47BB-A278-FB446F65E3C9}.Ad-Hoc|ARM.Deploy.0 = Release|ARM
		{4EDF7269-9680-47BB-A278-FB446F65E3C9}.Ad-Hoc|iPhone.ActiveCfg = Release|x64
		{4EDF7269-9680-47BB-A278-FB446F65E3C9}.Ad-Hoc|iPhone.Build.0 = Release|x64
		{4EDF7269-9680-47BB-A278-FB446F65E3C9}.Ad-Hoc|iPhone.Deploy.0 = Release|x64
		{4EDF7269-9680-47BB-A278-FB446F65E3C9}.Ad-Hoc|iPhoneSimulator.ActiveCfg = Release|x64
		{4EDF7269-9680-47BB-A278-FB446F65E3C9}.Ad-Hoc|iPhoneSimulator.Build.0 = Release|x64
		{4EDF7269-9680-47BB-A278-FB446F65E3C9}.Ad-Hoc|iPhoneSimulator.Deploy.0 = Release|x64
		{4EDF7269-9680-47BB-A278-FB446F65E3C9}.Ad-Hoc|x64.ActiveCfg = Release|x64
		{4EDF7269-9680-47BB-A278-FB446F65E3C9}.Ad-Hoc|x64.Build.0 = Release|x64
		{4EDF7269-9680-47BB-A278-FB446F65E3C9}.Ad-Hoc|x64.Deploy.0 = Release|x64
		{4EDF7269-9680-47BB-A278-FB446F65E3C9}.Ad-Hoc|x86.ActiveCfg = Release|x86
		{4EDF7269-9680-47BB-A278-FB446F65E3C9}.Ad-Hoc|x86.Build.0 = Release|x86
		{4EDF7269-9680-47BB-A278-FB446F65E3C9}.Ad-Hoc|x86.Deploy.0 = Release|x86
		{4EDF7269-9680-47BB-A278-FB446F65E3C9}.AppStore|Any CPU.ActiveCfg = Release|x64
		{4EDF7269-9680-47BB-A278-FB446F65E3C9}.AppStore|Any CPU.Build.0 = Release|x64
		{4EDF7269-9680-47BB-A278-FB446F65E3C9}.AppStore|Any CPU.Deploy.0 = Release|x64
		{4EDF7269-9680-47BB-A278-FB446F65E3C9}.AppStore|ARM.ActiveCfg = Release|ARM
		{4EDF7269-9680-47BB-A278-FB446F65E3C9}.AppStore|ARM.Build.0 = Release|ARM
		{4EDF7269-9680-47BB-A278-FB446F65E3C9}.AppStore|ARM.Deploy.0 = Release|ARM
		{4EDF7269-9680-47BB-A278-FB446F65E3C9}.AppStore|iPhone.ActiveCfg = Release|x64
		{4EDF7269-9680-47BB-A278-FB446F65E3C9}.AppStore|iPhone.Build.0 = Release|x64
		{4EDF7269-9680-47BB-A278-FB446F65E3C9}.AppStore|iPhone.Deploy.0 = Release|x64
		{4EDF7269-9680-47BB-A278-FB446F65E3C9}.AppStore|iPhoneSimulator.ActiveCfg = Release|x64
		{4EDF7269-9680-47BB-A278-FB446F65E3C9}.AppStore|iPhoneSimulator.Build.0 = Release|x64
		{4EDF7269-9680-47BB-A278-FB446F65E3C9}.AppStore|iPhoneSimulator.Deploy.0 = Release|x64
		{4EDF7269-9680-47BB-A278-FB446F65E3C9}.AppStore|x64.ActiveCfg = Release|x64
		{4EDF7269-9680-47BB-A278-FB446F65E3C9}.AppStore|x64.Build.0 = Release|x64
		{4EDF7269-9680-47BB-A278-FB446F65E3C9}.AppStore|x64.Deploy.0 = Release|x64
		{4EDF7269-9680-47BB-A278-FB446F65E3C9}.AppStore|x86.ActiveCfg = Release|x86
		{4EDF7269-9680-47BB-A278-FB446F65E3C9}.AppStore|x86.Build.0 = Release|x86
		{4EDF7269-9680-47BB-A278-FB446F65E3C9}.AppStore|x86.Deploy.0 = Release|x86
		{4EDF7269-9680-47BB-A278-FB446F65E3C9}.Debug|Any CPU.ActiveCfg = Debug|x86
		{4EDF7269-9680-47BB-A278-FB446F65E3C9}.Debug|ARM.ActiveCfg = Debug|ARM
		{4EDF7269-9680-47BB-A278-FB446F65E3C9}.Debug|ARM.Build.0 = Debug|ARM
		{4EDF7269-9680-47BB-A278-FB446F65E3C9}.Debug|ARM.Deploy.0 = Debug|ARM
		{4EDF7269-9680-47BB-A278-FB446F65E3C9}.Debug|iPhone.ActiveCfg = Debug|x86
		{4EDF7269-9680-47BB-A278-FB446F65E3C9}.Debug|iPhoneSimulator.ActiveCfg = Debug|x86
		{4EDF7269-9680-47BB-A278-FB446F65E3C9}.Debug|x64.ActiveCfg = Debug|x64
		{4EDF7269-9680-47BB-A278-FB446F65E3C9}.Debug|x64.Build.0 = Debug|x64
		{4EDF7269-9680-47BB-A278-FB446F65E3C9}.Debug|x64.Deploy.0 = Debug|x64
		{4EDF7269-9680-47BB-A278-FB446F65E3C9}.Debug|x86.ActiveCfg = Debug|x86
		{4EDF7269-9680-47BB-A278-FB446F65E3C9}.Debug|x86.Build.0 = Debug|x86
		{4EDF7269-9680-47BB-A278-FB446F65E3C9}.Debug|x86.Deploy.0 = Debug|x86
		{4EDF7269-9680-47BB-A278-FB446F65E3C9}.Release|Any CPU.ActiveCfg = Release|x86
		{4EDF7269-9680-47BB-A278-FB446F65E3C9}.Release|ARM.ActiveCfg = Release|ARM
		{4EDF7269-9680-47BB-A278-FB446F65E3C9}.Release|ARM.Build.0 = Release|ARM
		{4EDF7269-9680-47BB-A278-FB446F65E3C9}.Release|ARM.Deploy.0 = Release|ARM
		{4EDF7269-9680-47BB-A278-FB446F65E3C9}.Release|iPhone.ActiveCfg = Release|x86
		{4EDF7269-9680-47BB-A278-FB446F65E3C9}.Release|iPhoneSimulator.ActiveCfg = Release|x86
		{4EDF7269-9680-47BB-A278-FB446F65E3C9}.Release|x64.ActiveCfg = Release|x64
		{4EDF7269-9680-47BB-A278-FB446F65E3C9}.Release|x64.Build.0 = Release|x64
		{4EDF7269-9680-47BB-A278-FB446F65E3C9}.Release|x64.Deploy.0 = Release|x64
		{4EDF7269-9680-47BB-A278-FB446F65E3C9}.Release|x86.ActiveCfg = Release|x86
		{4EDF7269-9680-47BB-A278-FB446F65E3C9}.Release|x86.Build.0 = Release|x86
		{4EDF7269-9680-47BB-A278-FB446F65E3C9}.Release|x86.Deploy.0 = Release|x86
//#endif
	EndGlobalSection
	GlobalSection(SolutionProperties) = preSolution
		HideSolutionNode = FALSE
	EndGlobalSection
	GlobalSection(ExtensibilityGlobals) = postSolution
		SolutionGuid = {6E1DBB1B-50D7-4E7E-A18B-249C279D5F95}
	EndGlobalSection
EndGlobal
